#MicroXplorer Configuration settings - do not modify
PB13.GPIOParameters=GPIO_Label
PD12.GPIO_Label=DW_GPIO5_B
RCC.USART1Freq_Value=72000000
RCC.TIM17Freq_Value=72000000
SPI3.Direction=SPI_DIRECTION_2LINES
SPI4.VirtualType=VM_MASTER
SPI3.VirtualType=VM_MASTER
PE11.GPIOParameters=PinState,GPIO_Label
PC12.Locked=true
RCC.PLLCLKFreq_Value=168000000
PC12.Signal=SPI3_MOSI
USB_DEVICE.PID_CDC_FS=45067
PB14.GPIO_Label=LD3 [Red]
PG6.GPIO_Label=USB_PowerSwitchOn [STMPS2151STR_EN]
PA14.GPIO_Label=TCK
RCC.PLLQCLKFreq_Value=48000000
PD3.GPIOParameters=GPIO_Speed,GPIO_Label
PD8.Locked=true
PE11.PinState=GPIO_PIN_SET
RCC.RTCFreq_Value=32000
Dma.SPI3_RX.2.Direction=DMA_PERIPH_TO_MEMORY
SPI5.CLKPhase=SPI_PHASE_2EDGE
PD4.Locked=true
PC5.Mode=RMII
LWIP.LWIP_COMPAT_SOCKETS=0
PB13.Signal=ETH_TXD1
PD3.GPIO_Speed=GPIO_SPEED_FREQ_VERY_HIGH
PD6.GPIO_Label=WROOM_EN
PG13.Signal=ETH_TXD0
PA2.GPIOParameters=GPIO_Label
PinOutPanel.RotationAngle=0
RCC.MCO1PinFreq_Value=16000000
RCC.SYSCLKSource=RCC_SYSCLKSOURCE_PLLCLK
SH.GPXTI13.0=GPIO_EXTI13
LWIP.NETMASK_ADDRESS=255.255.255.000
SH.GPXTI7.ConfNb=1
NVIC.SVCall_IRQn=true\:0\:0\:false\:false\:false\:false\:true\:false
NVIC.EXTI1_IRQn=true\:5\:0\:false\:false\:true\:true\:true\:true
PF7.Signal=SPI5_SCK
RCC.LCDTFTFreq_Value=24500000
LWIP.IPParameters=LWIP_DHCP,IP_ADDRESS,NETMASK_ADDRESS,GATEWAY_ADDRESS,CMSIS_VERSION-Enabled,SYS_LIGHTWEIGHT_PROT,MEM_SIZE,LWIP_COMPAT_SOCKETS,LWIP_SOCKET
PD4.Signal=GPIO_Output
RCC.APB2TimFreq_Value=168000000
PH1/OSC_OUT.Signal=RCC_OSC_OUT
PD8.Signal=USART3_TX
PB13.Locked=true
PE14.Locked=true
RCC.USART3Freq_Value=36000000
NVIC.EXTI15_10_IRQn=true\:5\:0\:false\:false\:true\:true\:true\:true
ProjectManager.ProjectBuild=false
PG13.Locked=true
NVIC.UsageFault_IRQn=true\:0\:0\:false\:false\:true\:false\:true\:false
PA8.Locked=true
PA4.Locked=true
SH.GPXTI7.0=GPIO_EXTI7
PH0/OSC_IN.Locked=true
PG1.GPIOParameters=GPIO_PuPd,GPIO_Label,GPIO_ModeDefaultEXTI
ProjectManager.FirmwarePackage=STM32Cube FW_F4 V1.25.2
MxDb.Version=DB.6.0.10
PB0.GPIOParameters=GPIO_Label
PE15.Locked=true
PA1.GPIOParameters=GPIO_Label
LWIP.MEM_SIZE=2048
ProjectManager.BackupPrevious=false
PC4.GPIO_Label=RMII_RXD0 [LAN8742A-CZ-TR_RXD0]
USB_DEVICE.MANUFACTURER_STRING-CDC_FS=SwarmUS
PE2.Signal=GPIO_Output
PF8.Mode=Full_Duplex_Master
PA8.Signal=USB_OTG_FS_SOF
PE13.Mode=Full_Duplex_Master
NVIC.PendSV_IRQn=true\:15\:0\:false\:false\:false\:true\:true\:false
PC15/OSC32_OUT.Locked=true
ProjectManager.HalAssertFull=false
RCC.TIM1Freq_Value=72000000
RCC.PLLMCOFreq_Value=72000000
RCC.MCO2PinFreq_Value=168000000
Mcu.Package=LQFP144
RCC.TIM15Freq_Value=72000000
NVIC.TimeBase=TIM1_UP_TIM10_IRQn
PD11.Locked=true
SPI3.Mode=SPI_MODE_MASTER
PG13.GPIOParameters=GPIO_Label
RCC.ADC34outputFreq_Value=72000000
PD12.Signal=GPIO_Output
PA14.Locked=true
PD5.GPIOParameters=GPIO_Speed,GPIO_Label
NVIC.TimeBaseIP=TIM1
USART3.IPParameters=VirtualMode
PA10.Signal=USB_OTG_FS_ID
PF7.Locked=true
PC11.Mode=Full_Duplex_Master
PB14.GPIOParameters=GPIO_Label
Dma.SPI3_RX.2.PeriphInc=DMA_PINC_DISABLE
SPI5.CalculateBaudRate=10.5 MBits/s
RCC.APB2CLKDivider=RCC_HCLK_DIV2
RCC.APB1TimFreq_Value=84000000
NVIC.BusFault_IRQn=true\:0\:0\:false\:false\:true\:false\:true\:false
PD5.GPIO_Speed=GPIO_SPEED_FREQ_VERY_HIGH
USB_OTG_FS.IPParameters=VirtualMode
PB10.GPIOParameters=GPIO_Label,GPIO_ModeDefaultOutputPP
PB13.Mode=RMII
PD5.Locked=true
PA4.GPIO_Label=ESP_USER0_WROOM
SPI5.VirtualType=VM_MASTER
ProjectManager.CustomerFirmwarePackage=
PC4.GPIOParameters=GPIO_Label
PC0.PinState=GPIO_PIN_SET
PC4.Mode=RMII
PF4.GPIOParameters=GPIO_Label
RCC.SAI_AClocksFreq_Value=24500000
LWIP.IP_ADDRESS=192.168.001.010
PE12.Mode=Full_Duplex_Master
PD12.PinState=GPIO_PIN_SET
Dma.SPI3_TX.3.Mode=DMA_NORMAL
PD6.GPIOParameters=GPIO_Label
NVIC.EXTI4_IRQn=true\:5\:0\:false\:false\:true\:true\:true\:true
PA0/WKUP.GPIOParameters=PinState,GPIO_PuPd,GPIO_Label
ProjectManager.ProjectFileName=stm32f429zi.ioc
RCC.ADC12outputFreq_Value=72000000
PA0/WKUP.PinState=GPIO_PIN_SET
FREERTOS.Tasks01=defaultTask,24,128,StartDefaultTask,Default,NULL,Dynamic,NULL,NULL
PD9.GPIO_Label=STLK_TX [STM32F103CBT6_PA2]
Mcu.PinsNb=65
Dma.SPI5_TX.1.PeriphInc=DMA_PINC_DISABLE
PC11.Locked=true
PC13.Locked=true
PG9.Locked=true
PG9.Signal=GPIO_Input
PA9.GPIO_Label=USB_VBUS
PC13.Signal=GPXTI13
PD3.Signal=GPIO_Output
PC2.Signal=GPIO_Input
PB11.GPIO_Label=DW_RESET_B
PD13.GPIOParameters=PinState,GPIO_PuPd,GPIO_Label
PA11.GPIO_Label=USB_DM
LWIP.SYS_LIGHTWEIGHT_PROT=1
RCC.VCOSAIOutputFreq_ValueQ=24500000
LWIP.LWIP_DHCP=0
RCC.VCOSAIOutputFreq_ValueR=49000000
PB14.Locked=true
PC0.Signal=GPIO_Output
RCC.APB1CLKDivider=RCC_HCLK_DIV4
Mcu.Pin62=VP_RNG_VS_RNG
PG13.GPIO_Label=RMII_TXD0 [LAN8742A-CZ-TR_TXD0]
Mcu.Pin63=VP_SYS_VS_tim1
Mcu.Pin60=VP_FREERTOS_VS_CMSIS_V2
Mcu.Pin61=VP_LWIP_VS_Enabled
Mcu.Pin64=VP_USB_DEVICE_VS_USB_DEVICE_CDC_FS
ETH.IPParameters=MediaInterface,PhyAddress
Dma.SPI5_TX.1.PeriphDataAlignment=DMA_PDATAALIGN_BYTE
RCC.WatchDogFreq_Value=32000
PA11.Locked=true
PA8.GPIO_Label=USB_SOF [TP1]
Mcu.Pin59=VP_CRC_VS_CRC
Dma.SPI3_TX.3.RequestParameters=Instance,Direction,PeriphInc,MemInc,PeriphDataAlignment,MemDataAlignment,Mode,Priority,FIFOMode
Mcu.Pin57=PG13
Mcu.Pin58=PB7
USB_DEVICE.PRODUCT_STRING_CDC_FS=HiveBoard \: HiveMind
Mcu.Pin51=PD3
Mcu.Pin52=PD4
Mcu.Pin50=PC12
VP_CRC_VS_CRC.Signal=CRC_VS_CRC
Mcu.Pin55=PG9
Mcu.Pin56=PG11
Mcu.Pin53=PD5
Mcu.Pin54=PD6
PE8.GPIO_Label=DW_WU_A
PA9.Signal=USB_OTG_FS_VBUS
Dma.SPI5_RX.0.PeriphDataAlignment=DMA_PDATAALIGN_BYTE
PB11.GPIOParameters=GPIO_Label,GPIO_ModeDefaultOutputPP
Dma.SPI5_RX.0.RequestParameters=Instance,Direction,PeriphInc,MemInc,PeriphDataAlignment,MemDataAlignment,Mode,Priority,FIFOMode
PD8.Mode=Asynchronous
PB11.GPIO_ModeDefaultOutputPP=GPIO_MODE_OUTPUT_OD
Mcu.Pin48=PC10
Mcu.Pin49=PC11
Mcu.Pin46=PA13
Mcu.Pin47=PA14
PB10.Signal=GPIO_Output
Dma.SPI5_RX.0.Priority=DMA_PRIORITY_MEDIUM
PG6.GPIOParameters=GPIO_Label
PB14.Signal=GPIO_Output
PE2.GPIO_PuPd=GPIO_PULLUP
Mcu.Pin40=PG7
Mcu.Pin41=PA8
Mcu.Pin44=PA11
PC12.Mode=Full_Duplex_Master
Mcu.Pin45=PA12
Mcu.Pin42=PA9
Mcu.Pin43=PA10
Dma.SPI3_TX.3.FIFOMode=DMA_FIFOMODE_DISABLE
ProjectManager.LastFirmware=true
Dma.SPI3_TX.3.Direction=DMA_MEMORY_TO_PERIPH
PA1.Mode=RMII
PE14.Signal=SPI4_MOSI
PE15.Signal=GPIO_Output
Mcu.Pin37=PD12
Mcu.Pin38=PD13
RCC.PRESCALERUSB=RCC_USBCLKSOURCE_PLL_DIV1_5
Mcu.Pin35=PD9
RCC.I2C1Freq_Value=8000000
PE8.Signal=GPIO_Output
Mcu.Pin36=PD11
VP_SYS_VS_tim1.Signal=SYS_VS_tim1
PD4.GPIO_Speed=GPIO_SPEED_FREQ_VERY_HIGH
Mcu.Pin39=PG6
PG7.GPIO_Label=USB_OverCurrent [STMPS2151STR_FAULT]
PF4.GPIO_Label=DW_WU_B
PC2.GPIOParameters=GPIO_Label
Mcu.Pin30=PB10
PA1.GPIO_Label=RMII_REF_CLK [LAN8742A-CZ-TR_REFCLK0]
RCC.EthernetFreq_Value=168000000
Mcu.Pin33=PB14
PA0/WKUP.GPIO_Label=DW_GPIO5_A
Mcu.Pin34=PD8
Mcu.Pin31=PB11
Mcu.Pin32=PB13
PA9.Locked=true
NVIC.NonMaskableInt_IRQn=true\:0\:0\:false\:false\:true\:false\:true\:false
PA0/WKUP.GPIO_PuPd=GPIO_PULLUP
PE7.Locked=true
PA13.Mode=Serial_Wire
LWIP.CMSIS_VERSION-Enabled=1
ProjectManager.FreePins=false
Mcu.Pin26=PE12
Mcu.Pin27=PE13
NVIC.DMA2_Stream4_IRQn=true\:5\:0\:false\:false\:true\:true\:false\:true
RCC.RTCHSEDivFreq_Value=4000000
Mcu.Pin24=PE8
ProjectManager.UnderRoot=false
Mcu.Pin25=PE11
PE13.Locked=true
Mcu.Pin28=PE14
RCC.APB2TimCLKDivider=2
Mcu.Pin29=PE15
PA4.Signal=GPXTI4
Mcu.Pin22=PG1
ETH.MediaInterface=ETH_MEDIA_INTERFACE_RMII
Mcu.Pin23=PE7
Mcu.Pin20=PB0
Mcu.Pin21=PF15
PA10.Locked=true
NVIC.ForceEnableDMAVector=true
PD11.Signal=GPIO_Output
PA14.GPIOParameters=GPIO_Label
PC14/OSC32_IN.Locked=true
NVIC.MemoryManagement_IRQn=true\:0\:0\:false\:false\:true\:false\:true\:false
ProjectManager.CompilerOptimize=6
PG11.Mode=RMII
PA11.Signal=USB_OTG_FS_DM
ProjectManager.HeapSize=0x200
Mcu.Pin15=PA2
NVIC.HardFault_IRQn=true\:0\:0\:false\:false\:true\:false\:true\:false
Mcu.Pin16=PA4
LWIP.Version=v2.1.2_Cube
Mcu.Pin13=PA0/WKUP
PF8.Locked=true
Mcu.Pin14=PA1
Mcu.Pin19=PC5
SH.GPXTI15.ConfNb=1
NVIC.TIM1_UP_TIM10_IRQn=true\:0\:0\:false\:false\:true\:false\:false\:true
ProjectManager.ComputerToolchain=false
PF9.Signal=SPI5_MOSI
Mcu.Pin17=PA7
Mcu.Pin18=PC4
RCC.TIM3Freq_Value=72000000
SPI4.CLKPhase=SPI_PHASE_2EDGE
NVIC.PriorityGroup=NVIC_PRIORITYGROUP_4
Mcu.Pin11=PC1
Mcu.Pin12=PC2
Mcu.Pin10=PC0
Dma.SPI3_TX.3.Instance=DMA1_Stream7
PE2.Locked=true
Dma.SPI5_TX.1.Priority=DMA_PRIORITY_MEDIUM
PC15/OSC32_OUT.Signal=RCC_OSC32_OUT
PA8.Mode=Activate_SOF_FS
PF4.Signal=GPIO_Output
Dma.SPI5_TX.1.Direction=DMA_MEMORY_TO_PERIPH
SH.GPXTI1.ConfNb=1
RCC.I2C2Freq_Value=8000000
SPI5.IPParameters=VirtualType,Mode,Direction,CalculateBaudRate,BaudRatePrescaler,CLKPolarity,CLKPhase
PB0.Signal=GPIO_Output
PA7.GPIOParameters=GPIO_Label
PC0.Locked=true
PC1.Signal=ETH_MDC
PG7.GPIOParameters=GPIO_Label
PC1.Mode=RMII
PH0/OSC_IN.GPIOParameters=GPIO_Label
Mcu.Family=STM32F4
NVIC.USART3_IRQn=true\:5\:0\:false\:false\:true\:true\:true\:true
Dma.SPI5_TX.1.Instance=DMA2_Stream4
SH.GPXTI1.0=GPIO_EXTI1
ProjectManager.MainLocation=Core/Src
RCC.MCOFreq_Value=72000000
USB_DEVICE.CLASS_NAME_FS=CDC
RCC.CortexFreq_Value=168000000
PG6.Signal=GPIO_Output
PG9.GPIOParameters=GPIO_Label
ProjectManager.KeepUserCode=true
Mcu.UserName=STM32F429ZITx
PD9.GPIOParameters=GPIO_Label
Dma.SPI3_TX.3.MemDataAlignment=DMA_MDATAALIGN_BYTE
PE11.GPIO_Label=DW_NSS_A
PC10.Locked=true
PG6.Locked=true
Dma.SPI3_RX.2.Instance=DMA1_Stream0
PC10.Signal=SPI3_SCK
PC5.Locked=true
RCC.SYSCLKSourceVirtual=RCC_SYSCLKSOURCE_PLLCLK
SPI4.Direction=SPI_DIRECTION_2LINES
PA12.GPIOParameters=GPIO_Label
ProjectManager.functionlistsort=1-MX_GPIO_Init-GPIO-false-HAL-true,2-MX_DMA_Init-DMA-false-HAL-true,3-SystemClock_Config-RCC-false-HAL-true,4-MX_USART3_UART_Init-USART3-false-HAL-true,5-MX_CRC_Init-CRC-false-HAL-true,6-MX_LWIP_Init-LWIP-false-HAL-false,7-MX_SPI5_Init-SPI5-false-HAL-true,8-MX_SPI3_Init-SPI3-false-HAL-true,9-MX_RNG_Init-RNG-false-HAL-true,10-MX_USB_DEVICE_Init-USB_DEVICE-false-HAL-false,11-MX_SPI4_Init-SPI4-false-HAL-true
PC0.GPIOParameters=GPIO_Speed,PinState,GPIO_PuPd,GPIO_Label
PA9.GPIOParameters=GPIO_Label
LWIP.LWIP_SOCKET=1
PA11.GPIOParameters=GPIO_Label
PC0.GPIO_Label=ESP_CS
PA11.Mode=Device_Only
PA0/WKUP.Signal=GPIO_Output
PD6.Locked=true
PC14/OSC32_IN.Mode=LSE-External-Oscillator
PB0.GPIO_Label=LD1 [Green]
USB_DEVICE.VirtualMode-CDC_FS=Cdc
RCC.USART2Freq_Value=36000000
PC13.GPIO_Label=USER_Btn [B1]
PC1.Locked=true
PB13.GPIO_Label=RMII_TXD1 [LAN8742A-CZ-TR_TXD1]
PB11.Signal=GPIO_Output
PD9.Mode=Asynchronous
PG11.Signal=ETH_TX_EN
Dma.SPI3_RX.2.PeriphDataAlignment=DMA_PDATAALIGN_BYTE
ProjectManager.StackSize=0x400
VP_FREERTOS_VS_CMSIS_V2.Mode=CMSIS_V2
RCC.SAI_BClocksFreq_Value=24500000
RCC.I2C3Freq_Value=8000000
PD13.Signal=GPIO_Output
Mcu.IP4=LWIP
Dma.SPI5_RX.0.MemInc=DMA_MINC_ENABLE
Mcu.IP5=NVIC
RCC.FCLKCortexFreq_Value=168000000
PD13.Locked=true
Mcu.IP2=ETH
Mcu.IP3=FREERTOS
Mcu.IP0=CRC
PB10.GPIO_ModeDefaultOutputPP=GPIO_MODE_OUTPUT_OD
PA12.Locked=true
Mcu.IP1=DMA
PA12.Signal=USB_OTG_FS_DP
PF9.Locked=true
Mcu.UserConstants=
SPI4.Mode=SPI_MODE_MASTER
SPI3.CLKPolarity=SPI_POLARITY_HIGH
PC1.GPIOParameters=GPIO_Label
SH.GPXTI13.ConfNb=1
Mcu.ThirdPartyNb=0
PH0/OSC_IN.Mode=HSE-External-Clock-Source
PD11.GPIO_Label=DW_GPIO4_B
RCC.HCLKFreq_Value=168000000
Mcu.IPNb=15
RCC.I2SClocksFreq_Value=192000000
ProjectManager.PreviousToolchain=
Dma.SPI5_TX.1.FIFOMode=DMA_FIFOMODE_DISABLE
RCC.VcooutputI2S=192000000
PA0/WKUP.Locked=true
PD8.GPIOParameters=GPIO_Label
PA8.GPIOParameters=GPIO_Label
Dma.SPI5_RX.0.MemDataAlignment=DMA_MDATAALIGN_BYTE
Mcu.Pin6=PF8
SPI5.CLKPolarity=SPI_POLARITY_HIGH
Mcu.Pin7=PF9
Mcu.Pin8=PH0/OSC_IN
Mcu.Pin9=PH1/OSC_OUT
RCC.VCOSAIOutputFreq_Value=98000000
SPI4.IPParameters=VirtualType,Mode,Direction,CalculateBaudRate,BaudRatePrescaler,CLKPolarity,CLKPhase
FREERTOS.IPParameters=Tasks01
SPI4.CLKPolarity=SPI_POLARITY_HIGH
RCC.AHBFreq_Value=168000000
RCC.TIM2Freq_Value=72000000
Mcu.Pin0=PE2
Dma.SPI5_RX.0.PeriphInc=DMA_PINC_DISABLE
Mcu.Pin1=PC13
NVIC.ETH_IRQn=true\:5\:0\:false\:false\:true\:true\:false\:true
GPIO.groupedBy=Group By Peripherals
Mcu.Pin2=PC14/OSC32_IN
Mcu.Pin3=PC15/OSC32_OUT
Mcu.Pin4=PF4
Mcu.Pin5=PF7
RCC.HSE_VALUE=8000000
Dma.SPI3_TX.3.PeriphInc=DMA_PINC_DISABLE
NVIC.DebugMonitor_IRQn=true\:0\:0\:false\:false\:true\:false\:true\:false
PA4.GPIO_PuPd=GPIO_PULLDOWN
Dma.SPI5_RX.0.Mode=DMA_NORMAL
Mcu.IP10=SPI5
NVIC.SysTick_IRQn=true\:15\:0\:false\:false\:false\:true\:true\:true
Mcu.IP12=USART3
RCC.PLLMUL=RCC_PLL_MUL9
Mcu.IP11=SYS
Dma.SPI3_TX.3.Priority=DMA_PRIORITY_MEDIUM
Mcu.IP14=USB_OTG_FS
PF9.Mode=Full_Duplex_Master
Mcu.IP13=USB_DEVICE
PE13.Signal=SPI4_MISO
RCC.VCOInputFreq_Value=2000000
PA14.Mode=Serial_Wire
PE8.Locked=true
VP_SYS_VS_tim1.Mode=TIM1
File.Version=6
PA10.GPIO_Label=USB_ID
PB7.Signal=GPIO_Output
PG13.Mode=RMII
PH1/OSC_OUT.Mode=HSE-External-Clock-Source
Dma.RequestsNb=4
SPI4.BaudRatePrescaler=SPI_BAUDRATEPRESCALER_2
PB0.Locked=true
Dma.SPI3_RX.2.FIFOMode=DMA_FIFOMODE_DISABLE
ProjectManager.ProjectName=stm32f429zi
NVIC.DMA1_Stream7_IRQn=true\:5\:0\:false\:false\:true\:true\:false\:true
PA13.GPIOParameters=GPIO_Label
PB7.GPIO_Label=LD2 [Blue]
PD13.GPIO_Label=DW_GPIO6_B
SPI5.BaudRatePrescaler=SPI_BAUDRATEPRESCALER_8
PA7.Locked=true
PG11.Locked=true
PC14/OSC32_IN.Signal=RCC_OSC32_IN
PD5.GPIO_Label=DW_SYNC_EN
NVIC.OTG_FS_IRQn=true\:5\:0\:false\:false\:true\:true\:false\:true
ProjectManager.ToolChainLocation=
PA2.GPIO_Label=RMII_MDIO [LAN8742A-CZ-TR_MDIO]
PG1.GPIO_PuPd=GPIO_PULLDOWN
RCC.LSI_VALUE=32000
USB_OTG_FS.VirtualMode=Device_Only
PF8.Signal=SPI5_MISO
VP_USB_DEVICE_VS_USB_DEVICE_CDC_FS.Signal=USB_DEVICE_VS_USB_DEVICE_CDC_FS
RCC.TIM16Freq_Value=72000000
PF4.Locked=true
Dma.SPI3_RX.2.Priority=DMA_PRIORITY_MEDIUM
Dma.Request2=SPI3_RX
Dma.Request1=SPI5_TX
Dma.Request3=SPI3_TX
PC4.Locked=true
NVIC.DMA1_Stream0_IRQn=true\:5\:0\:false\:false\:true\:true\:false\:true
SPI3.IPParameters=VirtualType,Mode,Direction,CalculateBaudRate,BaudRatePrescaler,CLKPolarity,CLKPhase
PG11.GPIO_Label=RMII_TX_EN [LAN8742A-CZ-TR_TXEN]
PC5.Signal=ETH_RXD1
PD3.GPIO_Label=DW_SYNC
PE7.Signal=GPXTI7
PC0.GPIO_PuPd=GPIO_PULLUP
PD6.Signal=GPIO_Output
Dma.Request0=SPI5_RX
PF15.GPIOParameters=GPIO_Label
PE2.GPIO_Label=DW_GPIO6_A
PC2.GPIO_Label=DW_EXTON_B
PE12.Locked=true
VP_LWIP_VS_Enabled.Signal=LWIP_VS_Enabled
PA2.Locked=true
Dma.SPI5_TX.1.MemInc=DMA_MINC_ENABLE
Dma.SPI3_TX.3.MemInc=DMA_MINC_ENABLE
Dma.SPI3_RX.2.RequestParameters=Instance,Direction,PeriphInc,MemInc,PeriphDataAlignment,MemDataAlignment,Mode,Priority,FIFOMode
Dma.SPI5_RX.0.Direction=DMA_PERIPH_TO_MEMORY
PE8.GPIOParameters=GPIO_Label
PG7.Locked=true
PA7.Mode=RMII
PG7.Signal=GPIO_Input
PG1.GPIO_ModeDefaultEXTI=GPIO_MODE_IT_RISING
ProjectManager.NoMain=true
PE2.PinState=GPIO_PIN_SET
USB_DEVICE.VirtualModeFS=Cdc_FS
Dma.SPI5_TX.1.MemDataAlignment=DMA_MDATAALIGN_BYTE
PG1.Signal=GPXTI1
NVIC.SavedSvcallIrqHandlerGenerated=false
PG1.Locked=true
PC11.Signal=SPI3_MISO
PC4.Signal=ETH_RXD0
PC10.Mode=Full_Duplex_Master
Dma.SPI5_TX.1.RequestParameters=Instance,Direction,PeriphInc,MemInc,PeriphDataAlignment,MemDataAlignment,Mode,Priority,FIFOMode
ProjectManager.DefaultFWLocation=true
PD9.Signal=USART3_RX
PD5.Signal=GPIO_Output
Dma.SPI5_TX.1.Mode=DMA_NORMAL
ProjectManager.DeletePrevious=true
VP_RNG_VS_RNG.Mode=RNG_Activate
PB10.Locked=true
boardIOC=true
USB_DEVICE.IPParameters=VirtualMode-CDC_FS,VirtualModeFS,CLASS_NAME_FS,MANUFACTURER_STRING-CDC_FS,PRODUCT_STRING_CDC_FS,PID_CDC_FS
ETH.PhyAddress=0
SPI5.Mode=SPI_MODE_MASTER
PA12.GPIO_Label=USB_DP
RCC.FamilyName=M
NVIC.SPI5_IRQn=true\:5\:0\:false\:false\:true\:true\:true\:true
VP_LWIP_VS_Enabled.Mode=Enabled
LWIP.GATEWAY_ADDRESS=192.168.001.001
PE15.GPIOParameters=PinState,GPIO_Label
PD8.GPIO_Label=STLK_RX [STM32F103CBT6_PA3]
PD12.Locked=true
PA13.Signal=SYS_JTMS-SWDIO
PF7.Mode=Full_Duplex_Master
PA9.Mode=Activate_VBUS
PC0.GPIO_Speed=GPIO_SPEED_FREQ_VERY_HIGH
PE15.GPIO_Label=DW_NSS_B
PD12.GPIOParameters=PinState,GPIO_PuPd,GPIO_Label
ProjectManager.TargetToolchain=Other Toolchains (GPDSC)
PB10.GPIO_Label=DW_RESET_A
PE7.GPIOParameters=GPIO_Label
PB7.GPIOParameters=GPIO_Label
VP_RNG_VS_RNG.Signal=RNG_VS_RNG
VP_USB_DEVICE_VS_USB_DEVICE_CDC_FS.Mode=CDC_FS
PC5.GPIOParameters=GPIO_Label
PF15.Locked=true
RCC.VcooutputI2SQ=192000000
PE2.GPIOParameters=PinState,GPIO_PuPd,GPIO_Label
PC2.Locked=true
ProjectManager.RegisterCallBack=
RCC.USBFreq_Value=48000000
NVIC.DMA2_Stream3_IRQn=true\:5\:0\:false\:false\:true\:true\:false\:true
PE11.Signal=GPIO_Output
PD3.Locked=true
PA1.Signal=ETH_REF_CLK
RCC.VCOI2SOutputFreq_Value=384000000
PG9.GPIO_Label=DW_EXTON_A
board=NUCLEO-F429ZI
SPI3.CLKPhase=SPI_PHASE_2EDGE
RCC.VCOOutputFreq_Value=336000000
PG1.GPIO_Label=ESP_USER0_SOC
PD11.GPIOParameters=GPIO_Label
RCC.VCOOutput2Freq_Value=8000000
PH0/OSC_IN.Signal=RCC_OSC_IN
NVIC.SavedSystickIrqHandlerGenerated=false
RCC.APB2Freq_Value=84000000
RCC.TIM8Freq_Value=72000000
RCC.UART4Freq_Value=36000000
SPI3.CalculateBaudRate=10.5 MBits/s
MxCube.Version=6.1.1
PC13.GPIOParameters=GPIO_Label
PD4.GPIO_Label=DW_SYNC_CLEAR
PE14.Mode=Full_Duplex_Master
SPI3.BaudRatePrescaler=SPI_BAUDRATEPRESCALER_4
PC1.GPIO_Label=RMII_MDC [LAN8742A-CZ-TR_MDC]
PA10.GPIOParameters=GPIO_Label
PD4.GPIOParameters=GPIO_Speed,GPIO_Label
Dma.SPI3_TX.3.PeriphDataAlignment=DMA_PDATAALIGN_BYTE
PF15.GPIO_Label=DW_IRQn_B
PD13.GPIO_PuPd=GPIO_PULLUP
PF15.Signal=GPXTI15
SPI4.CalculateBaudRate=42.0 MBits/s
PA4.GPIOParameters=GPIO_PuPd,GPIO_Label
RCC.UART5Freq_Value=36000000
RCC.IPParameters=48MHZClocksFreq_Value,ADC12outputFreq_Value,ADC34outputFreq_Value,AHBFreq_Value,APB1CLKDivider,APB1Freq_Value,APB1TimFreq_Value,APB2CLKDivider,APB2Freq_Value,APB2TimCLKDivider,APB2TimFreq_Value,CortexFreq_Value,EthernetFreq_Value,FCLKCortexFreq_Value,FamilyName,HCLKFreq_Value,HSE_VALUE,HSI_VALUE,I2C1Freq_Value,I2C2Freq_Value,I2C3Freq_Value,I2SClocksFreq_Value,LCDTFTFreq_Value,LSI_VALUE,MCO1PinFreq_Value,MCO2PinFreq_Value,MCOFreq_Value,PLLCLKFreq_Value,PLLM,PLLMCOFreq_Value,PLLMUL,PLLN,PLLQ,PLLQCLKFreq_Value,PRESCALERUSB,RTCFreq_Value,RTCHSEDivFreq_Value,SAI_AClocksFreq_Value,SAI_BClocksFreq_Value,SYSCLKFreq_VALUE,SYSCLKSource,SYSCLKSourceVirtual,TIM15Freq_Value,TIM16Freq_Value,TIM17Freq_Value,TIM1Freq_Value,TIM20Freq_Value,TIM2Freq_Value,TIM3Freq_Value,TIM8Freq_Value,UART4Freq_Value,UART5Freq_Value,USART1Freq_Value,USART2Freq_Value,USART3Freq_Value,USBFreq_Value,VCOI2SOutputFreq_Value,VCOInputFreq_Value,VCOOutput2Freq_Value,VCOOutputFreq_Value,VCOSAIOutputFreq_Value,VCOSAIOutputFreq_ValueQ,VCOSAIOutputFreq_ValueR,VcooutputI2S,VcooutputI2SQ,WatchDogFreq_Value
PE11.Locked=true
Dma.SPI3_RX.2.Mode=DMA_NORMAL
ProjectManager.AskForMigrate=true
Mcu.Name=STM32F429ZITx
PE7.GPIO_Label=DW_IRQn_A
PE12.Signal=SPI4_SCK
NVIC.SavedPendsvIrqHandlerGenerated=false
PA2.Signal=ETH_MDIO
PA13.GPIO_Label=TMS
Mcu.IP8=SPI3
VP_FREERTOS_VS_CMSIS_V2.Signal=FREERTOS_VS_CMSIS_V2
Mcu.IP9=SPI4
Mcu.IP6=RCC
Mcu.IP7=RNG
ProjectManager.CoupleFile=true
RCC.48MHZClocksFreq_Value=48000000
RCC.SYSCLKFreq_VALUE=168000000
PA7.GPIO_Label=RMII_CRS_DV [LAN8742A-CZ-TR_CRS_DV]
PA1.Locked=true
SH.GPXTI4.0=GPIO_EXTI4
PA12.Mode=Device_Only
KeepUserPlacement=false
PC5.GPIO_Label=RMII_RXD1 [LAN8742A-CZ-TR_RXD1]
USART3.VirtualMode=VM_ASYNC
Dma.SPI3_RX.2.MemInc=DMA_MINC_ENABLE
PC15/OSC32_OUT.Mode=LSE-External-Oscillator
PA13.Locked=true
NVIC.EXTI9_5_IRQn=true\:5\:0\:false\:false\:true\:true\:true\:true
PA14.Signal=SYS_JTCK-SWCLK
SH.GPXTI4.ConfNb=1
Dma.SPI5_RX.0.FIFOMode=DMA_FIFOMODE_DISABLE
RCC.TIM20Freq_Value=72000000
RCC.HSI_VALUE=16000000
PH0/OSC_IN.GPIO_Label=MCO [STM32F103CBT6_PA8]
RCC.PLLQ=7
SH.GPXTI15.0=GPIO_EXTI15
RCC.PLLM=4
RCC.PLLN=168
PB7.Locked=true
PA2.Mode=RMII
PD13.PinState=GPIO_PIN_SET
Dma.SPI3_RX.2.MemDataAlignment=DMA_MDATAALIGN_BYTE
PD9.Locked=true
RCC.APB1Freq_Value=42000000
VP_CRC_VS_CRC.Mode=CRC_Activate
PE15.PinState=GPIO_PIN_SET
PB11.Locked=true
ProjectManager.DeviceId=STM32F429ZITx
Dma.SPI5_RX.0.Instance=DMA2_Stream3
ProjectManager.LibraryCopy=2
PD12.GPIO_PuPd=GPIO_PULLUP
PG11.GPIOParameters=GPIO_Label
SPI5.Direction=SPI_DIRECTION_2LINES
PA7.Signal=ETH_CRS_DV
