#MicroXplorer Configuration settings - do not modify
Dma.Request0=USART2_RX
Dma.Request1=USART2_TX
Dma.Request2=SPI5_RX
Dma.Request3=SPI5_TX
Dma.Request4=SPI3_RX
Dma.Request5=SPI3_TX
Dma.RequestsNb=6
Dma.SPI3_RX.4.Direction=DMA_PERIPH_TO_MEMORY
Dma.SPI3_RX.4.FIFOMode=DMA_FIFOMODE_DISABLE
Dma.SPI3_RX.4.Instance=DMA1_Stream0
Dma.SPI3_RX.4.MemDataAlignment=DMA_MDATAALIGN_BYTE
Dma.SPI3_RX.4.MemInc=DMA_MINC_ENABLE
Dma.SPI3_RX.4.Mode=DMA_NORMAL
Dma.SPI3_RX.4.PeriphDataAlignment=DMA_PDATAALIGN_BYTE
Dma.SPI3_RX.4.PeriphInc=DMA_PINC_DISABLE
Dma.SPI3_RX.4.Priority=DMA_PRIORITY_MEDIUM
Dma.SPI3_RX.4.RequestParameters=Instance,Direction,PeriphInc,MemInc,PeriphDataAlignment,MemDataAlignment,Mode,Priority,FIFOMode
Dma.SPI3_TX.5.Direction=DMA_MEMORY_TO_PERIPH
Dma.SPI3_TX.5.FIFOMode=DMA_FIFOMODE_DISABLE
Dma.SPI3_TX.5.Instance=DMA1_Stream7
Dma.SPI3_TX.5.MemDataAlignment=DMA_MDATAALIGN_BYTE
Dma.SPI3_TX.5.MemInc=DMA_MINC_ENABLE
ProjectManager.ProjectFileName=stm32f429zi.ioc
RCC.ADC12outputFreq_Value=72000000
FREERTOS.Tasks01=defaultTask,24,128,StartDefaultTask,Default,NULL,Dynamic,NULL,NULL
PD9.GPIO_Label=STLK_TX [STM32F103CBT6_PA2]
Mcu.PinsNb=42
PC11.Locked=true
PC13.Locked=true
Dma.SPI5_TX.3.MemInc=DMA_MINC_ENABLE
PA9.GPIO_Label=USB_VBUS
PC13.Signal=GPXTI13
Dma.USART2_RX.0.Direction=DMA_PERIPH_TO_MEMORY
PA11.GPIO_Label=USB_DM
LWIP.SYS_LIGHTWEIGHT_PROT=1
RCC.VCOSAIOutputFreq_ValueQ=24500000
LWIP.LWIP_DHCP=0
RCC.VCOSAIOutputFreq_ValueR=49000000
PB14.Locked=true
PC0.Signal=GPIO_Output
RCC.APB1CLKDivider=RCC_HCLK_DIV8
Dma.SPI3_TX.5.Mode=DMA_NORMAL
Dma.SPI3_TX.5.PeriphDataAlignment=DMA_PDATAALIGN_BYTE
Dma.SPI3_TX.5.PeriphInc=DMA_PINC_DISABLE
Dma.SPI3_TX.5.Priority=DMA_PRIORITY_MEDIUM
Dma.SPI3_TX.5.RequestParameters=Instance,Direction,PeriphInc,MemInc,PeriphDataAlignment,MemDataAlignment,Mode,Priority,FIFOMode
Dma.SPI5_RX.2.Direction=DMA_PERIPH_TO_MEMORY
Dma.SPI5_RX.2.FIFOMode=DMA_FIFOMODE_DISABLE
Dma.SPI5_RX.2.Instance=DMA2_Stream3
Dma.SPI5_RX.2.MemDataAlignment=DMA_MDATAALIGN_BYTE
Dma.SPI5_RX.2.MemInc=DMA_MINC_ENABLE
Dma.SPI5_RX.2.Mode=DMA_NORMAL
Dma.SPI5_RX.2.PeriphDataAlignment=DMA_PDATAALIGN_BYTE
Dma.SPI5_RX.2.PeriphInc=DMA_PINC_DISABLE
Dma.SPI5_RX.2.Priority=DMA_PRIORITY_MEDIUM
Dma.SPI5_RX.2.RequestParameters=Instance,Direction,PeriphInc,MemInc,PeriphDataAlignment,MemDataAlignment,Mode,Priority,FIFOMode
Dma.SPI5_TX.3.Direction=DMA_MEMORY_TO_PERIPH
Dma.SPI5_TX.3.FIFOMode=DMA_FIFOMODE_DISABLE
Dma.SPI5_TX.3.Instance=DMA2_Stream4
Dma.SPI5_TX.3.MemDataAlignment=DMA_MDATAALIGN_BYTE
Dma.SPI5_TX.3.MemInc=DMA_MINC_ENABLE
Dma.SPI5_TX.3.Mode=DMA_NORMAL
Dma.SPI5_TX.3.PeriphDataAlignment=DMA_PDATAALIGN_BYTE
PD8.Mode=Asynchronous
PB14.Signal=GPIO_Output
PG6.GPIOParameters=GPIO_Label
Mcu.Pin40=VP_RNG_VS_RNG
Mcu.Pin41=VP_SYS_VS_tim1
Dma.SPI3_RX.4.FIFOMode=DMA_FIFOMODE_DISABLE
PC12.Mode=Full_Duplex_Master
Dma.SPI3_RX.4.RequestParameters=Instance,Direction,PeriphInc,MemInc,PeriphDataAlignment,MemDataAlignment,Mode,Priority,FIFOMode
ProjectManager.LastFirmware=true
PA1.Mode=RMII
Dma.SPI3_RX.4.PeriphInc=DMA_PINC_DISABLE
Mcu.Pin37=VP_CRC_VS_CRC
Mcu.Pin38=VP_FREERTOS_VS_CMSIS_V2
RCC.PRESCALERUSB=RCC_USBCLKSOURCE_PLL_DIV1_5
Mcu.Pin35=PG13
RCC.I2C1Freq_Value=8000000
Mcu.Pin36=PB7
VP_SYS_VS_tim1.Signal=SYS_VS_tim1
PG7.GPIO_Label=USB_OverCurrent [STMPS2151STR_FAULT]
Mcu.Pin39=VP_LWIP_VS_Enabled
Mcu.Pin30=PC11
PA1.GPIO_Label=RMII_REF_CLK [LAN8742A-CZ-TR_REFCLK0]
RCC.EthernetFreq_Value=50000000
Mcu.Pin33=PD6
Mcu.Pin34=PG11
Mcu.Pin31=PC12
Mcu.Pin32=PD5
PA9.Locked=true
NVIC.NonMaskableInt_IRQn=true\:0\:0\:false\:false\:true\:false\:true\:false
PA13.Mode=Serial_Wire
Dma.SPI5_TX.3.Instance=DMA2_Stream4
LWIP.CMSIS_VERSION-Enabled=1
ProjectManager.FreePins=false
Dma.USART2_RX.0.MemInc=DMA_MINC_ENABLE
Dma.USART2_RX.0.Mode=DMA_NORMAL
Dma.USART2_RX.0.PeriphDataAlignment=DMA_PDATAALIGN_BYTE
Dma.USART2_RX.0.PeriphInc=DMA_PINC_DISABLE
Dma.USART2_RX.0.Priority=DMA_PRIORITY_LOW
Dma.USART2_RX.0.RequestParameters=Instance,Direction,PeriphInc,MemInc,PeriphDataAlignment,MemDataAlignment,Mode,Priority,FIFOMode
Dma.USART2_TX.1.Direction=DMA_MEMORY_TO_PERIPH
Dma.USART2_TX.1.FIFOMode=DMA_FIFOMODE_DISABLE
Dma.USART2_TX.1.Instance=DMA1_Stream6
Dma.USART2_TX.1.MemDataAlignment=DMA_MDATAALIGN_BYTE
Dma.USART2_TX.1.MemInc=DMA_MINC_ENABLE
Dma.USART2_TX.1.Mode=DMA_NORMAL
Dma.USART2_TX.1.PeriphDataAlignment=DMA_PDATAALIGN_BYTE
Dma.USART2_TX.1.PeriphInc=DMA_PINC_DISABLE
Dma.USART2_TX.1.Priority=DMA_PRIORITY_LOW
Dma.USART2_TX.1.RequestParameters=Instance,Direction,PeriphInc,MemInc,PeriphDataAlignment,MemDataAlignment,Mode,Priority,FIFOMode
ETH.IPParameters=MediaInterface,PhyAddress
ETH.MediaInterface=ETH_MEDIA_INTERFACE_RMII
ETH.PhyAddress=0
FREERTOS.IPParameters=Tasks01
FREERTOS.Tasks01=defaultTask,24,128,StartDefaultTask,Default,NULL,Dynamic,NULL,NULL
File.Version=6
GPIO.groupedBy=Group By Peripherals
KeepUserPlacement=false
LWIP.CMSIS_VERSION-Enabled=1
LWIP.GATEWAY_ADDRESS=192.168.001.001
LWIP.IPParameters=LWIP_DHCP,IP_ADDRESS,NETMASK_ADDRESS,GATEWAY_ADDRESS,CMSIS_VERSION-Enabled,SYS_LIGHTWEIGHT_PROT,MEM_SIZE,LWIP_COMPAT_SOCKETS,LWIP_SOCKET
LWIP.IP_ADDRESS=192.168.001.010
LWIP.LWIP_COMPAT_SOCKETS=0
LWIP.LWIP_DHCP=0
LWIP.LWIP_SOCKET=1
LWIP.MEM_SIZE=2048
LWIP.NETMASK_ADDRESS=255.255.255.000
LWIP.SYS_LIGHTWEIGHT_PROT=1
LWIP.Version=v2.1.2_Cube
Mcu.Family=STM32F4
Mcu.IP0=CRC
Mcu.IP1=DMA
Mcu.IP10=USART2
Mcu.IP11=USART3
Mcu.IP12=USB_DEVICE
Mcu.IP13=USB_OTG_FS
Mcu.IP2=ETH
Mcu.IP3=FREERTOS
Mcu.IP4=LWIP
Mcu.IP5=NVIC
RCC.FCLKCortexFreq_Value=50000000
Mcu.IP2=ETH
Mcu.IP3=FREERTOS
Mcu.IP0=CRC
Dma.SPI3_RX.4.MemInc=DMA_MINC_ENABLE
Mcu.IP1=DMA
PA12.Locked=true
PA12.Signal=USB_OTG_FS_DP
PF9.Locked=true
Mcu.UserConstants=
Dma.SPI3_RX.4.MemDataAlignment=DMA_MDATAALIGN_BYTE
SPI3.CLKPolarity=SPI_POLARITY_HIGH
PC1.GPIOParameters=GPIO_Label
SH.GPXTI13.ConfNb=1
Dma.USART2_RX.0.Priority=DMA_PRIORITY_LOW
Mcu.ThirdPartyNb=0
RCC.HCLKFreq_Value=50000000
Mcu.IPNb=13
RCC.I2SClocksFreq_Value=192000000
ProjectManager.PreviousToolchain=
RCC.VcooutputI2S=192000000
PD8.GPIOParameters=GPIO_Label
PA8.GPIOParameters=GPIO_Label
Mcu.Pin6=PH0/OSC_IN
SPI5.CLKPolarity=SPI_POLARITY_HIGH
Mcu.Pin7=PC0
Mcu.Pin8=PC1
Mcu.Pin9=PA1
RCC.VCOSAIOutputFreq_Value=98000000
FREERTOS.IPParameters=Tasks01
RCC.AHBFreq_Value=50000000
RCC.TIM2Freq_Value=72000000
Mcu.Pin0=PC13
Mcu.Pin1=PC14/OSC32_IN
Mcu.Pin10=PA1
Mcu.Pin11=PA2
Mcu.Pin12=PA7
Mcu.Pin13=PC4
Mcu.Pin14=PC5
Mcu.Pin15=PB0
Mcu.Pin16=PG1
Mcu.Pin17=PB13
Mcu.Pin18=PB14
Mcu.Pin19=PD8
Mcu.Pin2=PC15/OSC32_OUT
Mcu.Pin20=PD9
Mcu.Pin21=PG6
Mcu.Pin22=PG7
Mcu.Pin23=PA8
Mcu.Pin24=PA9
Mcu.Pin25=PA10
Mcu.Pin26=PA11
Mcu.Pin27=PA12
Mcu.Pin28=PA13
Mcu.Pin29=PA14
Mcu.Pin3=PF7
Mcu.Pin30=PC10
Mcu.Pin31=PC11
Mcu.Pin32=PC12
Mcu.Pin33=PD5
Mcu.Pin34=PD6
Mcu.Pin35=PG11
Mcu.Pin36=PG13
Mcu.Pin37=PB7
Mcu.Pin38=VP_CRC_VS_CRC
Mcu.Pin39=VP_FREERTOS_VS_CMSIS_V2
Mcu.Pin4=PF8
Mcu.Pin40=VP_LWIP_VS_Enabled
Mcu.Pin41=VP_SYS_VS_tim1
Mcu.Pin42=VP_USB_DEVICE_VS_USB_DEVICE_CDC_FS
Mcu.Pin5=PF9
Mcu.Pin6=PH0/OSC_IN
Mcu.Pin7=PH1/OSC_OUT
Mcu.Pin8=PC0
Mcu.Pin9=PC1
Mcu.PinsNb=43
Mcu.ThirdPartyNb=0
Mcu.UserConstants=
Mcu.UserName=STM32F429ZITx
MxCube.Version=6.1.1
MxDb.Version=DB.6.0.10
NVIC.BusFault_IRQn=true\:0\:0\:false\:false\:true\:false\:true\:false
NVIC.DMA1_Stream0_IRQn=true\:5\:0\:false\:false\:true\:true\:false\:true
NVIC.DMA1_Stream5_IRQn=true\:5\:0\:false\:false\:true\:true\:false\:true
NVIC.DMA1_Stream6_IRQn=true\:5\:0\:false\:false\:true\:true\:false\:true
NVIC.DMA1_Stream7_IRQn=true\:5\:0\:false\:false\:true\:true\:false\:true
NVIC.DMA2_Stream3_IRQn=true\:5\:0\:false\:false\:true\:true\:false\:true
NVIC.DMA2_Stream4_IRQn=true\:5\:0\:false\:false\:true\:true\:false\:true
NVIC.DebugMonitor_IRQn=true\:0\:0\:false\:false\:true\:false\:true\:false
Mcu.IP10=SYS
NVIC.SysTick_IRQn=true\:15\:0\:false\:false\:false\:true\:true\:true
Mcu.IP12=USART3
RCC.PLLMUL=RCC_PLL_MUL9
Mcu.IP11=USART2
Dma.SPI5_RX.2.FIFOMode=DMA_FIFOMODE_DISABLE
PF9.Mode=Full_Duplex_Master
Dma.USART2_RX.0.MemDataAlignment=DMA_MDATAALIGN_BYTE
Dma.SPI3_RX.4.Mode=DMA_NORMAL
RCC.VCOInputFreq_Value=2000000
PA14.Mode=Serial_Wire
PA14.Signal=SYS_JTCK-SWCLK
PA2.GPIOParameters=GPIO_Label
PA2.GPIO_Label=RMII_MDIO [LAN8742A-CZ-TR_MDIO]
PA2.Locked=true
PA2.Mode=RMII
PA2.Signal=ETH_MDIO
PA7.GPIOParameters=GPIO_Label
PA7.GPIO_Label=RMII_CRS_DV [LAN8742A-CZ-TR_CRS_DV]
PA7.Locked=true
PA7.Mode=RMII
PA7.Signal=ETH_CRS_DV
PA8.GPIOParameters=GPIO_Label
PA8.GPIO_Label=USB_SOF [TP1]
PA8.Locked=true
PA8.Signal=USB_OTG_FS_SOF
PA9.GPIOParameters=GPIO_Label
PA9.GPIO_Label=USB_VBUS
PA9.Locked=true
PA9.Signal=USB_OTG_FS_VBUS
PB0.GPIOParameters=GPIO_Label
PB0.GPIO_Label=LD1 [Green]
PB0.Locked=true
PB0.Signal=GPIO_Output
PB13.GPIOParameters=GPIO_Label
PB13.GPIO_Label=RMII_TXD1 [LAN8742A-CZ-TR_TXD1]
PB13.Locked=true
PB13.Mode=RMII
PB13.Signal=ETH_TXD1
PB14.GPIOParameters=GPIO_Label
PB14.GPIO_Label=LD3 [Red]
PB14.Locked=true
PB14.Signal=GPIO_Output
PB7.GPIOParameters=GPIO_Label
PB7.GPIO_Label=LD2 [Blue]
PB7.Locked=true
PB7.Signal=GPIO_Output
PC0.GPIOParameters=GPIO_Speed,PinState,GPIO_PuPd,GPIO_Label
PC0.GPIO_Label=ESP_CS
PC0.GPIO_PuPd=GPIO_PULLUP
PC0.GPIO_Speed=GPIO_SPEED_FREQ_VERY_HIGH
PC0.Locked=true
PC0.PinState=GPIO_PIN_SET
PC0.Signal=GPIO_Output
PC1.GPIOParameters=GPIO_Label
PC1.GPIO_Label=RMII_MDC [LAN8742A-CZ-TR_MDC]
PC1.Locked=true
PC1.Mode=RMII
PC1.Signal=ETH_MDC
PC10.Locked=true
PC10.Mode=Full_Duplex_Master
PC10.Signal=SPI3_SCK
PC11.Locked=true
PC11.Mode=Full_Duplex_Master
PC11.Signal=SPI3_MISO
PC12.Locked=true
PC12.Mode=Full_Duplex_Master
PC12.Signal=SPI3_MOSI
PC13.GPIOParameters=GPIO_Label
PC13.GPIO_Label=USER_Btn [B1]
PC13.Locked=true
PC13.Signal=GPXTI13
PC14/OSC32_IN.Locked=true
PC14/OSC32_IN.Mode=LSE-External-Oscillator
PC14/OSC32_IN.Signal=RCC_OSC32_IN
PC15/OSC32_OUT.Locked=true
PC15/OSC32_OUT.Mode=LSE-External-Oscillator
PC15/OSC32_OUT.Signal=RCC_OSC32_OUT
PC4.GPIOParameters=GPIO_Label
PC4.GPIO_Label=RMII_RXD0 [LAN8742A-CZ-TR_RXD0]
PC4.Locked=true
PC4.Mode=RMII
PC4.Signal=ETH_RXD0
PC5.GPIOParameters=GPIO_Label
PC5.GPIO_Label=RMII_RXD1 [LAN8742A-CZ-TR_RXD1]
PC5.Locked=true
PC5.Mode=RMII
PC5.Signal=ETH_RXD1
PD5.Mode=Asynchronous
PD5.Signal=USART2_TX
PD6.Locked=true
PD6.Mode=Asynchronous
PD6.Signal=USART2_RX
PD8.GPIOParameters=GPIO_Label
PD8.GPIO_Label=STLK_RX [STM32F103CBT6_PA3]
PD8.Locked=true
PD8.Mode=Asynchronous
PD8.Signal=USART3_TX
PD9.GPIOParameters=GPIO_Label
PD9.GPIO_Label=STLK_TX [STM32F103CBT6_PA2]
PD9.Locked=true
PD9.Mode=Asynchronous
PD9.Signal=USART3_RX
PF7.Locked=true
PF7.Mode=Full_Duplex_Master
PF7.Signal=SPI5_SCK
PF8.Locked=true
PF8.Mode=Full_Duplex_Master
PF8.Signal=SPI5_MISO
PF9.Locked=true
PF9.Mode=Full_Duplex_Master
PF9.Signal=SPI5_MOSI
PG1.GPIOParameters=GPIO_PuPd,GPIO_Label,GPIO_ModeDefaultEXTI
PG1.GPIO_Label=ESP_USER0
PG1.GPIO_ModeDefaultEXTI=GPIO_MODE_IT_RISING_FALLING
PG1.GPIO_PuPd=GPIO_PULLDOWN
PG1.Locked=true
PG1.Signal=GPXTI1
PG11.GPIOParameters=GPIO_Label
PG11.GPIO_Label=RMII_TX_EN [LAN8742A-CZ-TR_TXEN]
PG11.Locked=true
PG11.Mode=RMII
PG11.Signal=ETH_TX_EN
PG13.GPIOParameters=GPIO_Label
PG13.GPIO_Label=RMII_TXD0 [LAN8742A-CZ-TR_TXD0]
PG13.Locked=true
PG13.Mode=RMII
PG13.Signal=ETH_TXD0
PG6.GPIOParameters=GPIO_Label
PG6.GPIO_Label=USB_PowerSwitchOn [STMPS2151STR_EN]
PG6.Locked=true
PG6.Signal=GPIO_Output
PG7.GPIOParameters=GPIO_Label
PG7.GPIO_Label=USB_OverCurrent [STMPS2151STR_FAULT]
PG7.Locked=true
PG7.Signal=GPIO_Input
PH0/OSC_IN.GPIOParameters=GPIO_Label
PH0/OSC_IN.GPIO_Label=MCO [STM32F103CBT6_PA8]
PH0/OSC_IN.Locked=true
PH0/OSC_IN.Mode=HSE-External-Clock-Source
PH0/OSC_IN.Signal=RCC_OSC_IN
PH1/OSC_OUT.Mode=HSE-External-Clock-Source
PH1/OSC_OUT.Signal=RCC_OSC_OUT
PinOutPanel.RotationAngle=0
ProjectManager.AskForMigrate=true
ProjectManager.BackupPrevious=false
ProjectManager.CompilerOptimize=6
ProjectManager.ComputerToolchain=false
ProjectManager.CoupleFile=true
ProjectManager.CustomerFirmwarePackage=
ProjectManager.DefaultFWLocation=true
ProjectManager.DeletePrevious=true
VP_RNG_VS_RNG.Mode=RNG_Activate
boardIOC=true
Dma.USART2_TX.1.PeriphDataAlignment=DMA_PDATAALIGN_BYTE
ETH.PhyAddress=0
NVIC.USART2_IRQn=true\:5\:0\:false\:false\:true\:true\:true\:true
SPI5.Mode=SPI_MODE_MASTER
PA12.GPIO_Label=USB_DP
RCC.FamilyName=M
NVIC.SPI5_IRQn=true\:5\:0\:false\:false\:true\:true\:true\:true
VP_LWIP_VS_Enabled.Mode=Enabled
LWIP.GATEWAY_ADDRESS=192.168.001.001
Dma.USART2_RX.0.Mode=DMA_NORMAL
PD8.GPIO_Label=STLK_RX [STM32F103CBT6_PA3]
Dma.SPI5_TX.3.PeriphInc=DMA_PINC_DISABLE
PA13.Signal=SYS_JTMS-SWDIO
PF7.Mode=Full_Duplex_Master
PC0.GPIO_Speed=GPIO_SPEED_FREQ_VERY_HIGH
ProjectManager.TargetToolchain=Other Toolchains (GPDSC)
Dma.SPI5_TX.3.Mode=DMA_NORMAL
NVIC.DMA1_Stream5_IRQn=true\:5\:0\:false\:false\:true\:true\:false\:true
PB7.GPIOParameters=GPIO_Label
VP_RNG_VS_RNG.Signal=RNG_VS_RNG
PC5.GPIOParameters=GPIO_Label
RCC.VcooutputI2SQ=192000000
ProjectManager.RegisterCallBack=
RCC.USBFreq_Value=48000000
RCC.VCOI2SOutputFreq_Value=192000000
RCC.VCOInputFreq_Value=1000000
RCC.VCOOutput2Freq_Value=8000000
RCC.VCOOutputFreq_Value=288000000
RCC.VCOSAIOutputFreq_Value=49000000
RCC.VCOSAIOutputFreq_ValueQ=12250000
RCC.VCOSAIOutputFreq_ValueR=24500000
RCC.VcooutputI2S=96000000
RCC.VcooutputI2SQ=96000000
RCC.WatchDogFreq_Value=32000
SH.GPXTI1.0=GPIO_EXTI1
SH.GPXTI1.ConfNb=1
SH.GPXTI13.0=GPIO_EXTI13
SH.GPXTI13.ConfNb=1
SPI3.BaudRatePrescaler=SPI_BAUDRATEPRESCALER_4
PA10.GPIOParameters=GPIO_Label
PC1.GPIO_Label=RMII_MDC [LAN8742A-CZ-TR_MDC]
RCC.UART5Freq_Value=36000000
RCC.IPParameters=48MHZClocksFreq_Value,ADC12outputFreq_Value,ADC34outputFreq_Value,AHBFreq_Value,APB1CLKDivider,APB1Freq_Value,APB1TimFreq_Value,APB2CLKDivider,APB2Freq_Value,APB2TimCLKDivider,APB2TimFreq_Value,CortexFreq_Value,EthernetFreq_Value,FCLKCortexFreq_Value,FamilyName,HCLKFreq_Value,HSE_VALUE,HSI_VALUE,I2C1Freq_Value,I2C2Freq_Value,I2C3Freq_Value,I2SClocksFreq_Value,LCDTFTFreq_Value,LSE_VALUE,LSI_VALUE,MCO1PinFreq_Value,MCO2PinFreq_Value,MCOFreq_Value,PLLCLKFreq_Value,PLLM,PLLMCOFreq_Value,PLLMUL,PLLN,PLLQ,PLLQCLKFreq_Value,PRESCALERUSB,RTCFreq_Value,RTCHSEDivFreq_Value,SAI_AClocksFreq_Value,SAI_BClocksFreq_Value,SYSCLKFreq_VALUE,SYSCLKSource,SYSCLKSourceVirtual,TIM15Freq_Value,TIM16Freq_Value,TIM17Freq_Value,TIM1Freq_Value,TIM20Freq_Value,TIM2Freq_Value,TIM3Freq_Value,TIM8Freq_Value,UART4Freq_Value,UART5Freq_Value,USART1Freq_Value,USART2Freq_Value,USART3Freq_Value,USBFreq_Value,VCOI2SOutputFreq_Value,VCOInputFreq_Value,VCOOutput2Freq_Value,VCOOutputFreq_Value,VCOSAIOutputFreq_Value,VCOSAIOutputFreq_ValueQ,VCOSAIOutputFreq_ValueR,VcooutputI2S,VcooutputI2SQ,WatchDogFreq_Value
ProjectManager.AskForMigrate=true
Mcu.Name=STM32F429ZITx
Dma.SPI3_TX.5.PeriphDataAlignment=DMA_PDATAALIGN_BYTE
NVIC.SavedPendsvIrqHandlerGenerated=false
PA2.Signal=ETH_MDIO
PA13.GPIO_Label=TMS
Mcu.IP8=SPI3
VP_FREERTOS_VS_CMSIS_V2.Signal=FREERTOS_VS_CMSIS_V2
Mcu.IP9=SPI5
Mcu.IP6=RCC
Mcu.IP7=RNG
ProjectManager.CoupleFile=true
RCC.48MHZClocksFreq_Value=14285714.285714285
RCC.SYSCLKFreq_VALUE=50000000
PA7.GPIO_Label=RMII_CRS_DV [LAN8742A-CZ-TR_CRS_DV]
PA1.Locked=true
KeepUserPlacement=false
PC5.GPIO_Label=RMII_RXD1 [LAN8742A-CZ-TR_RXD1]
USART3.VirtualMode=VM_ASYNC
USB_DEVICE.CLASS_NAME_FS=CDC
USB_DEVICE.IPParameters=VirtualMode-CDC_FS,VirtualModeFS,CLASS_NAME_FS
USB_DEVICE.VirtualMode-CDC_FS=Cdc
USB_DEVICE.VirtualModeFS=Cdc_FS
USB_OTG_FS.IPParameters=VirtualMode
USB_OTG_FS.VirtualMode=Device_Only
VP_CRC_VS_CRC.Mode=CRC_Activate
VP_CRC_VS_CRC.Signal=CRC_VS_CRC
VP_FREERTOS_VS_CMSIS_V2.Mode=CMSIS_V2
VP_FREERTOS_VS_CMSIS_V2.Signal=FREERTOS_VS_CMSIS_V2
VP_LWIP_VS_Enabled.Mode=Enabled
VP_LWIP_VS_Enabled.Signal=LWIP_VS_Enabled
VP_SYS_VS_tim1.Mode=TIM1
VP_SYS_VS_tim1.Signal=SYS_VS_tim1
VP_USB_DEVICE_VS_USB_DEVICE_CDC_FS.Mode=CDC_FS
VP_USB_DEVICE_VS_USB_DEVICE_CDC_FS.Signal=USB_DEVICE_VS_USB_DEVICE_CDC_FS
board=NUCLEO-F429ZI
boardIOC=true
