#MicroXplorer Configuration settings - do not modify
ADC2.Channel-7\#ChannelRegularConversion=ADC_CHANNEL_5
ADC2.IPParameters=Rank-7\#ChannelRegularConversion,Channel-7\#ChannelRegularConversion,SingleDiff-7\#ChannelRegularConversion,SamplingTime-7\#ChannelRegularConversion,OffsetNumber-7\#ChannelRegularConversion,OffsetSignedSaturation-7\#ChannelRegularConversion,NbrOfConversionFlag
ADC2.NbrOfConversionFlag=1
ADC2.OffsetNumber-7\#ChannelRegularConversion=ADC_OFFSET_NONE
ADC2.OffsetSignedSaturation-7\#ChannelRegularConversion=DISABLE
ADC2.Rank-7\#ChannelRegularConversion=1
ADC2.SamplingTime-7\#ChannelRegularConversion=ADC_SAMPLETIME_1CYCLE_5
ADC2.SingleDiff-7\#ChannelRegularConversion=ADC_DIFFERENTIAL_ENDED
CORTEX_M7.CPU_DCache=Enabled
CORTEX_M7.CPU_ICache=Enabled
CORTEX_M7.IPParameters=CPU_DCache,CPU_ICache,MPU_Control
CORTEX_M7.MPU_Control=__NULL
CRC.DefaultInitValueUse=DEFAULT_INIT_VALUE_ENABLE
CRC.DefaultPolynomialUse=DEFAULT_POLYNOMIAL_ENABLE
CRC.IPParameters=DefaultInitValueUse,DefaultPolynomialUse,InputDataInversionMode,InputDataFormat
CRC.InputDataFormat=CRC_INPUTDATA_FORMAT_WORDS
CRC.InputDataInversionMode=CRC_INPUTDATA_INVERSION_NONE
Dma.Request0=SPI5_RX
Dma.Request1=SPI5_TX
Dma.RequestsNb=2
Dma.SPI5_RX.0.Direction=DMA_PERIPH_TO_MEMORY
Dma.SPI5_RX.0.EventEnable=DISABLE
Dma.SPI5_RX.0.FIFOMode=DMA_FIFOMODE_DISABLE
Dma.SPI5_RX.0.Instance=DMA1_Stream2
Dma.SPI5_RX.0.MemDataAlignment=DMA_MDATAALIGN_BYTE
Dma.SPI5_RX.0.MemInc=DMA_MINC_ENABLE
Dma.SPI5_RX.0.Mode=DMA_NORMAL
Dma.SPI5_RX.0.PeriphDataAlignment=DMA_PDATAALIGN_BYTE
Dma.SPI5_RX.0.PeriphInc=DMA_PINC_DISABLE
Dma.SPI5_RX.0.Polarity=HAL_DMAMUX_REQ_GEN_RISING
Dma.SPI5_RX.0.Priority=DMA_PRIORITY_LOW
Dma.SPI5_RX.0.RequestNumber=1
Dma.SPI5_RX.0.RequestParameters=Instance,Direction,PeriphInc,MemInc,PeriphDataAlignment,MemDataAlignment,Mode,Priority,FIFOMode,SignalID,Polarity,RequestNumber,SyncSignalID,SyncPolarity,SyncEnable,EventEnable,SyncRequestNumber
Dma.SPI5_RX.0.SignalID=NONE
Dma.SPI5_RX.0.SyncEnable=DISABLE
Dma.SPI5_RX.0.SyncPolarity=HAL_DMAMUX_SYNC_NO_EVENT
Dma.SPI5_RX.0.SyncRequestNumber=1
Dma.SPI5_RX.0.SyncSignalID=NONE
Dma.SPI5_TX.1.Direction=DMA_MEMORY_TO_PERIPH
Dma.SPI5_TX.1.EventEnable=DISABLE
Dma.SPI5_TX.1.FIFOMode=DMA_FIFOMODE_DISABLE
Dma.SPI5_TX.1.Instance=DMA1_Stream3
Dma.SPI5_TX.1.MemDataAlignment=DMA_MDATAALIGN_BYTE
Dma.SPI5_TX.1.MemInc=DMA_MINC_ENABLE
Dma.SPI5_TX.1.Mode=DMA_NORMAL
Dma.SPI5_TX.1.PeriphDataAlignment=DMA_PDATAALIGN_BYTE
Dma.SPI5_TX.1.PeriphInc=DMA_PINC_DISABLE
Dma.SPI5_TX.1.Polarity=HAL_DMAMUX_REQ_GEN_RISING
Dma.SPI5_TX.1.Priority=DMA_PRIORITY_LOW
Dma.SPI5_TX.1.RequestNumber=1
Dma.SPI5_TX.1.RequestParameters=Instance,Direction,PeriphInc,MemInc,PeriphDataAlignment,MemDataAlignment,Mode,Priority,FIFOMode,SignalID,Polarity,RequestNumber,SyncSignalID,SyncPolarity,SyncEnable,EventEnable,SyncRequestNumber
Dma.SPI5_TX.1.SignalID=NONE
Dma.SPI5_TX.1.SyncEnable=DISABLE
Dma.SPI5_TX.1.SyncPolarity=HAL_DMAMUX_SYNC_NO_EVENT
Dma.SPI5_TX.1.SyncRequestNumber=1
Dma.SPI5_TX.1.SyncSignalID=NONE
ETH.IPParameters=MediaInterface,RxDescAddress,TxDescAddress,RxBuffAddress
ETH.MediaInterface=HAL_ETH_RMII_MODE
ETH.RxBuffAddress=0x30000200
ETH.RxDescAddress=0x30000000
ETH.TxDescAddress=0x30000060
FREERTOS.IPParameters=Tasks01
FREERTOS.Tasks01=defaultTask,24,128,StartDefaultTask,Default,NULL,Dynamic,NULL,NULL
File.Version=6
GPIO.groupedBy=Group By Peripherals
I2C1.CustomTiming=Disabled
I2C1.I2C_Rise_Time=1000
I2C1.I2C_Speed_Mode=I2C_Standard
I2C1.IPParameters=Timing,CustomTiming,I2C_Speed_Mode,I2C_Rise_Time
I2C1.Timing=0x50D02933
I2C4.IPParameters=Timing
I2C4.Timing=0x2050537C
KeepUserPlacement=false
LWIP.BSP.number=1
LWIP.CHECKSUM_CHECK_ICMP=0
LWIP.GATEWAY_ADDRESS=192.168.001.001
LWIP.IPParameters=LWIP_DHCP,IP_ADDRESS,NETMASK_ADDRESS,GATEWAY_ADDRESS,MEM_SIZE,CHECKSUM_CHECK_ICMP,LWIP_COMPAT_SOCKETS,LWIP_RAM_HEAP_POINTER
LWIP.IP_ADDRESS=192.168.001.010
LWIP.LWIP_COMPAT_SOCKETS=0
LWIP.LWIP_DHCP=0
LWIP.LWIP_RAM_HEAP_POINTER=0x30004000
LWIP.MEM_SIZE=2048
LWIP.NETMASK_ADDRESS=255.255.255.000
LWIP.Version=v2.1.2_Cube
LWIP0.BSP.STBoard=false
LWIP0.BSP.api=BSP_COMPONENT_DRIVER
LWIP0.BSP.component=LAN8742
LWIP0.BSP.condition=
LWIP0.BSP.i2caddr=0
LWIP0.BSP.i2creg=
LWIP0.BSP.instance=LAN8742
LWIP0.BSP.ip=
LWIP0.BSP.mode=
LWIP0.BSP.name=Driver_PHY
LWIP0.BSP.semaphore=
LWIP0.BSP.solution=LAN8742
Mcu.Family=STM32H7
Mcu.IP0=ADC2
Mcu.IP1=CORTEX_M7
Mcu.IP10=NVIC
Mcu.IP11=RCC
Mcu.IP12=RNG
Mcu.IP13=SPI1
Mcu.IP14=SPI2
Mcu.IP15=SPI3
Mcu.IP16=SPI4
Mcu.IP17=SPI5
Mcu.IP18=SYS
Mcu.IP19=TIM13
Mcu.IP2=CRC
Mcu.IP20=UART7
Mcu.IP21=UART8
Mcu.IP22=USART3
Mcu.IP23=USB_DEVICE
Mcu.IP24=USB_OTG_HS
Mcu.IP3=DEBUG
Mcu.IP4=DMA
Mcu.IP5=ETH
Mcu.IP6=FREERTOS
Mcu.IP7=I2C1
Mcu.IP8=I2C4
Mcu.IP9=LWIP
Mcu.IPNb=25
Mcu.Name=STM32H735ZGTx
Mcu.Package=LQFP144
Mcu.Pin0=PE2
Mcu.Pin1=PE3
Mcu.Pin10=PF8
Mcu.Pin100=VP_FREERTOS_VS_CMSIS_V2
Mcu.Pin101=VP_LWIP_VS_Enabled
Mcu.Pin102=VP_RNG_VS_RNG
Mcu.Pin103=VP_SYS_VS_tim1
Mcu.Pin104=VP_TIM13_VS_ClockSourceINT
Mcu.Pin105=VP_USB_DEVICE_VS_USB_DEVICE_CDC_HS
Mcu.Pin11=PF9
Mcu.Pin12=PF10
Mcu.Pin13=PH0-OSC_IN
Mcu.Pin14=PH1-OSC_OUT
Mcu.Pin15=PC0
Mcu.Pin16=PC1
Mcu.Pin17=PC2_C
Mcu.Pin18=PC3_C
Mcu.Pin19=PA0
Mcu.Pin2=PE4
Mcu.Pin20=PA1
Mcu.Pin21=PA2
Mcu.Pin22=PA3
Mcu.Pin23=PA4
Mcu.Pin24=PA5
Mcu.Pin25=PA6
Mcu.Pin26=PA7
Mcu.Pin27=PC4
Mcu.Pin28=PC5
Mcu.Pin29=PB0
Mcu.Pin3=PE5
Mcu.Pin30=PB1
Mcu.Pin31=PB2
Mcu.Pin32=PF11
Mcu.Pin33=PF14
Mcu.Pin34=PF15
Mcu.Pin35=PE7
Mcu.Pin36=PE8
Mcu.Pin37=PE9
Mcu.Pin38=PE10
Mcu.Pin39=PE11
Mcu.Pin4=PE6
Mcu.Pin40=PE12
Mcu.Pin41=PE13
Mcu.Pin42=PE14
Mcu.Pin43=PE15
Mcu.Pin44=PB10
Mcu.Pin45=PB11
Mcu.Pin46=PB12
Mcu.Pin47=PB13
Mcu.Pin48=PB14
Mcu.Pin49=PB15
Mcu.Pin5=PC13
Mcu.Pin50=PD8
Mcu.Pin51=PD9
Mcu.Pin52=PD10
Mcu.Pin53=PD11
Mcu.Pin54=PD12
Mcu.Pin55=PD13
Mcu.Pin56=PD14
Mcu.Pin57=PD15
Mcu.Pin58=PG6
Mcu.Pin59=PG7
Mcu.Pin6=PC14-OSC32_IN
Mcu.Pin60=PG8
Mcu.Pin61=PC6
Mcu.Pin62=PC7
Mcu.Pin63=PC8
Mcu.Pin64=PC9
Mcu.Pin65=PA8
Mcu.Pin66=PA9
Mcu.Pin67=PA10
Mcu.Pin68=PA11
Mcu.Pin69=PA12
Mcu.Pin7=PC15-OSC32_OUT
Mcu.Pin70=PA13(JTMS/SWDIO)
Mcu.Pin71=PA14(JTCK/SWCLK)
Mcu.Pin72=PA15(JTDI)
Mcu.Pin73=PC10
Mcu.Pin74=PC11
Mcu.Pin75=PC12
Mcu.Pin76=PD0
Mcu.Pin77=PD1
Mcu.Pin78=PD2
Mcu.Pin79=PD3
Mcu.Pin8=PF6
Mcu.Pin80=PD4
Mcu.Pin81=PD5
Mcu.Pin82=PD6
Mcu.Pin83=PD7
Mcu.Pin84=PG9
Mcu.Pin85=PG10
Mcu.Pin86=PG11
Mcu.Pin87=PG12
Mcu.Pin88=PG13
Mcu.Pin89=PG14
Mcu.Pin9=PF7
Mcu.Pin90=PB3(JTDO/TRACESWO)
Mcu.Pin91=PB4(NJTRST)
Mcu.Pin92=PB5
Mcu.Pin93=PB6
Mcu.Pin94=PB7
Mcu.Pin95=PB8
Mcu.Pin96=PB9
Mcu.Pin97=PE0
Mcu.Pin98=PE1
Mcu.Pin99=VP_CRC_VS_CRC
Mcu.PinsNb=106
Mcu.ThirdPartyNb=0
Mcu.UserConstants=
Mcu.UserName=STM32H735ZGTx
MxCube.Version=6.2.0
MxDb.Version=DB.6.0.20
NVIC.BusFault_IRQn=true\:0\:0\:false\:false\:true\:false\:false\:false
NVIC.DMA1_Stream2_IRQn=true\:5\:0\:false\:false\:true\:true\:false\:true
NVIC.DMA1_Stream3_IRQn=true\:5\:0\:false\:false\:true\:true\:false\:true
NVIC.DebugMonitor_IRQn=true\:0\:0\:false\:false\:true\:false\:false\:false
NVIC.ETH_IRQn=true\:5\:0\:false\:false\:true\:true\:true\:true
NVIC.EXTI15_10_IRQn=true\:5\:0\:false\:false\:true\:true\:true\:true
NVIC.EXTI2_IRQn=true\:5\:0\:false\:false\:true\:true\:true\:true
NVIC.EXTI3_IRQn=true\:5\:0\:false\:false\:true\:true\:true\:true
NVIC.EXTI4_IRQn=true\:5\:0\:false\:false\:true\:true\:true\:true
NVIC.EXTI9_5_IRQn=true\:5\:0\:false\:false\:true\:true\:true\:true
NVIC.ForceEnableDMAVector=true
NVIC.HardFault_IRQn=true\:0\:0\:false\:false\:true\:false\:false\:false
NVIC.MemoryManagement_IRQn=true\:0\:0\:false\:false\:true\:false\:false\:false
NVIC.NonMaskableInt_IRQn=true\:0\:0\:false\:false\:true\:false\:false\:false
NVIC.OTG_HS_IRQn=true\:5\:0\:false\:false\:true\:true\:false\:true
NVIC.PendSV_IRQn=true\:15\:0\:false\:false\:false\:true\:false\:false
NVIC.PriorityGroup=NVIC_PRIORITYGROUP_4
NVIC.SPI5_IRQn=true\:5\:0\:false\:false\:true\:true\:true\:true
NVIC.SVCall_IRQn=true\:0\:0\:false\:false\:false\:false\:false\:false
NVIC.SavedPendsvIrqHandlerGenerated=true
NVIC.SavedSvcallIrqHandlerGenerated=true
NVIC.SavedSystickIrqHandlerGenerated=true
NVIC.SysTick_IRQn=true\:15\:0\:false\:false\:false\:true\:false\:true
NVIC.TIM1_UP_IRQn=true\:0\:0\:false\:false\:true\:false\:false\:true
NVIC.TIM8_UP_TIM13_IRQn=true\:5\:0\:false\:false\:true\:true\:true\:true
NVIC.TimeBase=TIM1_UP_IRQn
NVIC.TimeBaseIP=TIM1
NVIC.USART3_IRQn=true\:5\:0\:false\:false\:true\:true\:true\:true
NVIC.UsageFault_IRQn=true\:0\:0\:false\:false\:true\:false\:false\:false
PA0.GPIOParameters=GPIO_Label
PA0.GPIO_Label=PHY_nRST
PA0.Locked=true
PA0.Signal=GPIO_Output
PA1.Locked=true
PA1.Mode=RMII
PA1.Signal=ETH_REF_CLK
PA10.GPIOParameters=GPIO_Speed,GPIO_Label
PA10.GPIO_Label=SYNC
PA10.GPIO_Speed=GPIO_SPEED_FREQ_VERY_HIGH
PA10.Locked=true
PA10.Signal=GPIO_Output
PA11.Locked=true
PA11.Mode=Device_Only_FS
PA11.Signal=USB_OTG_HS_DM
PA12.Locked=true
PA12.Mode=Device_Only_FS
PA12.Signal=USB_OTG_HS_DP
PA13(JTMS/SWDIO).Locked=true
PA13(JTMS/SWDIO).Mode=JTAG_5_pins
PA13(JTMS/SWDIO).Signal=DEBUG_JTMS-SWDIO
PA14(JTCK/SWCLK).Locked=true
PA14(JTCK/SWCLK).Mode=JTAG_5_pins
PA14(JTCK/SWCLK).Signal=DEBUG_JTCK-SWCLK
PA15(JTDI).Locked=true
PA15(JTDI).Mode=JTAG_5_pins
PA15(JTDI).Signal=DEBUG_JTDI
PA2.Locked=true
PA2.Mode=RMII
PA2.Signal=ETH_MDIO
PA3.GPIOParameters=GPIO_Label
PA3.GPIO_Label=ETH_PWR_EN
PA3.Locked=true
PA3.Signal=GPIO_Input
PA4.GPIOParameters=PinState,GPIO_Label
PA4.GPIO_Label=CHAN_RESET_1C
PA4.Locked=true
PA4.PinState=GPIO_PIN_SET
PA4.Signal=GPIO_Output
PA5.GPIOParameters=PinState,GPIO_Label
PA5.GPIO_Label=CHAN_RESET_0C
PA5.Locked=true
PA5.PinState=GPIO_PIN_SET
PA5.Signal=GPIO_Output
PA6.GPIOParameters=GPIO_Label,GPIO_ModeDefaultEXTI
PA6.GPIO_Label=CHAN_IRQ_1C
PA6.GPIO_ModeDefaultEXTI=GPIO_MODE_IT_FALLING
PA6.Locked=true
PA6.Signal=GPXTI6
PA7.Locked=true
PA7.Mode=RMII
PA7.Signal=ETH_CRS_DV
PA8.GPIOParameters=GPIO_Label
PA8.GPIO_Label=CHAN_EN_0B
PA8.Locked=true
PA8.Signal=GPIO_Output
PA9.Locked=true
PA9.Signal=USB_OTG_HS_VBUS
PB0.GPIOParameters=GPIO_Label
PB0.GPIO_Label=MEZ_ADC1_N
PB0.Locked=true
PB0.Signal=ADCx_INN5
PB1.GPIOParameters=GPIO_Label
PB1.GPIO_Label=MEZ_ADC1_P
PB1.Locked=true
PB1.Signal=ADCx_INP5
PB10.GPIOParameters=GPIO_Label
PB10.GPIO_Label=SPI_CLK_C
PB10.Mode=Full_Duplex_Master
PB10.Signal=SPI2_SCK
PB11.Locked=true
PB11.Mode=RMII
PB11.Signal=ETH_TX_EN
PB12.Locked=true
PB12.Mode=RMII
PB12.Signal=ETH_TXD0
PB13.Locked=true
PB13.Mode=RMII
PB13.Signal=ETH_TXD1
PB14.GPIOParameters=GPIO_Label
PB14.GPIO_Label=SPI_MISO_C
PB14.Locked=true
PB14.Mode=Full_Duplex_Master
PB14.Signal=SPI2_MISO
PB15.GPIOParameters=GPIO_Label
PB15.GPIO_Label=SPI_MOSI_C
PB15.Locked=true
PB15.Mode=Full_Duplex_Master
PB15.Signal=SPI2_MOSI
PB2.GPIOParameters=GPIO_Speed,PinState,GPIO_Label
PB2.GPIO_Label=SPI_nCS_0C
PB2.GPIO_Speed=GPIO_SPEED_FREQ_VERY_HIGH
PB2.Locked=true
PB2.PinState=GPIO_PIN_SET
PB2.Signal=GPIO_Output
PB3(JTDO/TRACESWO).Locked=true
PB3(JTDO/TRACESWO).Mode=JTAG_5_pins
PB3(JTDO/TRACESWO).Signal=DEBUG_JTDO-SWO
PB4(NJTRST).Locked=true
PB4(NJTRST).Mode=JTAG_5_pins
PB4(NJTRST).Signal=DEBUG_JTRST
PB5.GPIOParameters=GPIO_Label
PB5.GPIO_Label=WROOM_PWR_EN
PB5.Locked=true
PB5.Signal=GPIO_Input
PB6.GPIOParameters=GPIO_Label
PB6.GPIO_Label=I2C_MISC_SCL
PB6.Locked=true
PB6.Mode=I2C
PB6.Signal=I2C1_SCL
PB7.GPIOParameters=GPIO_Label
PB7.GPIO_Label=IMU_MISC_SDA
PB7.Locked=true
PB7.Mode=I2C
PB7.Signal=I2C1_SDA
PB8.GPIOParameters=GPIO_Speed,PinState,GPIO_Label
PB8.GPIO_Label=SPI_ESP_nCS
PB8.GPIO_Speed=GPIO_SPEED_FREQ_VERY_HIGH
PB8.Locked=true
PB8.PinState=GPIO_PIN_SET
PB8.Signal=GPIO_Output
PB9.GPIOParameters=GPIO_Label
PB9.GPIO_Label=DEBUG_PWR_EN
PB9.Locked=true
PB9.Signal=GPIO_Input
PC0.GPIOParameters=PinState,GPIO_Label
PC0.GPIO_Label=MCU_LED_1
PC0.Locked=true
PC0.PinState=GPIO_PIN_SET
PC0.Signal=GPIO_Output
PC1.Locked=true
PC1.Mode=RMII
PC1.Signal=ETH_MDC
PC10.GPIOParameters=GPIO_Label
PC10.GPIO_Label=SPI_CLK_B
PC10.Locked=true
PC10.Mode=Full_Duplex_Master
PC10.Signal=SPI3_SCK
PC11.GPIOParameters=GPIO_Label
PC11.GPIO_Label=SPI_MISO_B
PC11.Locked=true
PC11.Mode=Full_Duplex_Master
PC11.Signal=SPI3_MISO
PC12.GPIOParameters=GPIO_Label
PC12.GPIO_Label=SPI_MOSI_B
PC12.Locked=true
PC12.Mode=Full_Duplex_Master
PC12.Signal=SPI3_MOSI
PC13.GPIOParameters=GPIO_Label
PC13.GPIO_Label=IMU_INT1
PC13.Locked=true
PC13.Signal=GPXTI13
PC14-OSC32_IN.GPIOParameters=PinState,GPIO_Label
PC14-OSC32_IN.GPIO_Label=MCU_LED_B
PC14-OSC32_IN.Locked=true
PC14-OSC32_IN.PinState=GPIO_PIN_SET
PC14-OSC32_IN.Signal=GPIO_Output
PC15-OSC32_OUT.GPIOParameters=PinState,GPIO_Label
PC15-OSC32_OUT.GPIO_Label=MCU_LED_G
PC15-OSC32_OUT.Locked=true
PC15-OSC32_OUT.PinState=GPIO_PIN_SET
PC15-OSC32_OUT.Signal=GPIO_Output
PC2_C.GPIOParameters=PinState,GPIO_Label
PC2_C.GPIO_Label=MCU_LED_0
PC2_C.Locked=true
PC2_C.PinState=GPIO_PIN_SET
PC2_C.Signal=GPIO_Output
PC3_C.GPIOParameters=PinState,GPIO_Label
PC3_C.GPIO_Label=MCU_LED_HB
PC3_C.Locked=true
PC3_C.PinState=GPIO_PIN_SET
PC3_C.Signal=GPIO_Output
PC4.Locked=true
PC4.Mode=RMII
PC4.Signal=ETH_RXD0
PC5.Locked=true
PC5.Mode=RMII
PC5.Signal=ETH_RXD1
PC6.GPIOParameters=GPIO_Label
PC6.GPIO_Label=CHAN_DET_1B
PC6.Locked=true
PC6.Signal=GPIO_Input
PC7.GPIOParameters=GPIO_Label
PC7.GPIO_Label=CHAN_DET_0B
PC7.Locked=true
PC7.Signal=GPIO_Input
PC8.GPIOParameters=GPIO_Label,GPIO_ModeDefaultEXTI
PC8.GPIO_Label=CHAN_IRQ_0B
PC8.GPIO_ModeDefaultEXTI=GPIO_MODE_IT_FALLING
PC8.Locked=true
PC8.Signal=GPXTI8
PC9.GPIOParameters=GPIO_Speed,PinState,GPIO_Label
PC9.GPIO_Label=SPI_nCS_0B
PC9.GPIO_Speed=GPIO_SPEED_FREQ_VERY_HIGH
PC9.Locked=true
PC9.PinState=GPIO_PIN_SET
PC9.Signal=GPIO_Output
PD0.GPIOParameters=PinState,GPIO_Label
PD0.GPIO_Label=CHAN_RESET_1A
PD0.Locked=true
PD0.PinState=GPIO_PIN_SET
PD0.Signal=GPIO_Output
PD1.GPIOParameters=PinState,GPIO_Label
PD1.GPIO_Label=CHAN_RESET_0A
PD1.Locked=true
PD1.PinState=GPIO_PIN_SET
PD1.Signal=GPIO_Output
PD10.GPIOParameters=GPIO_Speed,PinState,GPIO_Label
PD10.GPIO_Label=SPI_nCS_1C
PD10.GPIO_Speed=GPIO_SPEED_FREQ_VERY_HIGH
PD10.Locked=true
PD10.PinState=GPIO_PIN_SET
PD10.Signal=GPIO_Output
PD11.GPIOParameters=PinState,GPIO_Label
PD11.GPIO_Label=CHAN_RESET_1B
PD11.Locked=true
PD11.PinState=GPIO_PIN_SET
PD11.Signal=GPIO_Output
PD12.GPIOParameters=GPIO_Label,GPIO_ModeDefaultEXTI
PD12.GPIO_Label=CHAN_IRQ_1B
PD12.GPIO_ModeDefaultEXTI=GPIO_MODE_IT_FALLING
PD12.Locked=true
PD12.Signal=GPXTI12
PD13.GPIOParameters=PinState,GPIO_Label
PD13.GPIO_Label=CHAN_RESET_0B
PD13.Locked=true
PD13.PinState=GPIO_PIN_SET
PD13.Signal=GPIO_Output
PD14.GPIOParameters=GPIO_Speed,PinState,GPIO_Label
PD14.GPIO_Label=CHAN_EN_1B
PD14.GPIO_Speed=GPIO_SPEED_FREQ_LOW
PD14.Locked=true
PD14.PinState=GPIO_PIN_RESET
PD14.Signal=GPIO_Output
PD15.GPIOParameters=GPIO_Speed,PinState,GPIO_Label
PD15.GPIO_Label=SPI_nCS_1B
PD15.GPIO_Speed=GPIO_SPEED_FREQ_VERY_HIGH
PD15.Locked=true
PD15.PinState=GPIO_PIN_SET
PD15.Signal=GPIO_Output
PD2.GPIOParameters=GPIO_Label
PD2.GPIO_Label=CHAN_EN_1A
PD2.Locked=true
PD2.Signal=GPIO_Output
PD3.GPIOParameters=GPIO_Label,GPIO_ModeDefaultEXTI
PD3.GPIO_Label=CHAN_IRQ_1A
PD3.GPIO_ModeDefaultEXTI=GPIO_MODE_IT_FALLING
PD3.Locked=true
PD3.Signal=GPXTI3
PD4.GPIOParameters=GPIO_Speed,PinState,GPIO_Label
PD4.GPIO_Label=SPI_nCS_1A
PD4.GPIO_Speed=GPIO_SPEED_FREQ_VERY_HIGH
PD4.Locked=true
PD4.PinState=GPIO_PIN_SET
PD4.Signal=GPIO_Output
PD5.GPIOParameters=GPIO_Label
PD5.GPIO_Label=CHAN_DET_1A
PD5.Locked=true
PD5.Signal=GPIO_Input
PD6.GPIOParameters=GPIO_Label
PD6.GPIO_Label=CHAN_DET_0A
PD6.Locked=true
PD6.Signal=GPIO_Input
PD7.GPIOParameters=GPIO_Label
PD7.GPIO_Label=SPI_MOSI_A
PD7.Mode=Full_Duplex_Master
PD7.Signal=SPI1_MOSI
PD8.GPIOParameters=GPIO_Label
PD8.GPIO_Label=STM_UTx
PD8.Locked=true
PD8.Mode=Asynchronous
PD8.Signal=USART3_TX
PD9.GPIOParameters=GPIO_Label
PD9.GPIO_Label=STM_URx
PD9.Locked=true
PD9.Mode=Asynchronous
PD9.Signal=USART3_RX
PE0.GPIOParameters=GPIO_Label
PE0.GPIO_Label=UART_WROOM_RX
PE0.Locked=true
PE0.Mode=Asynchronous
PE0.Signal=UART8_RX
PE1.GPIOParameters=GPIO_Label
PE1.GPIO_Label=UART_WROOM_TX
PE1.Locked=true
PE1.Mode=Asynchronous
PE1.Signal=UART8_TX
PE10.GPIOParameters=GPIO_Label
PE10.GPIO_Label=CHAN_DET_0C
PE10.Locked=true
PE10.Signal=GPIO_Input
PE11.GPIOParameters=GPIO_Label
PE11.GPIO_Label=CHAN_EN_0C
PE11.Locked=true
PE11.Signal=GPIO_Output
PE12.GPIOParameters=GPIO_Label
PE12.GPIO_Label=MEZ_SPI_SCK
PE12.Locked=true
PE12.Mode=Full_Duplex_Master
PE12.Signal=SPI4_SCK
PE13.GPIOParameters=GPIO_Label
PE13.GPIO_Label=MEZ_SPI_MISO
PE13.Locked=true
PE13.Mode=Full_Duplex_Master
PE13.Signal=SPI4_MISO
PE14.GPIOParameters=GPIO_Label
PE14.GPIO_Label=MEZ_SPI_MOSI
PE14.Locked=true
PE14.Mode=Full_Duplex_Master
PE14.Signal=SPI4_MOSI
PE15.GPIOParameters=GPIO_Label,GPIO_ModeDefaultEXTI
PE15.GPIO_Label=CHAN_IRQ_0C
PE15.GPIO_ModeDefaultEXTI=GPIO_MODE_IT_FALLING
PE15.Locked=true
PE15.Signal=GPXTI15
PE2.GPIOParameters=GPIO_Label
PE2.GPIO_Label=WROOM_INT
PE2.Locked=true
PE2.Signal=GPXTI2
PE3.GPIOParameters=GPIO_Label
PE3.GPIO_Label=WROOM_EN
PE3.Locked=true
PE3.Signal=GPIO_Output
PE4.GPIOParameters=GPIO_Label
PE4.GPIO_Label=IMU_INT2
PE4.Locked=true
PE4.Signal=GPXTI4
PE5.GPIOParameters=GPIO_Label,GPIO_ModeDefaultEXTI
PE5.GPIO_Label=IO_EXPANDER_INT\#
PE5.GPIO_ModeDefaultEXTI=GPIO_MODE_IT_FALLING
PE5.Locked=true
PE5.Signal=GPXTI5
PE6.GPIOParameters=GPIO_Label
PE6.GPIO_Label=USB_PWR_DET\#
PE6.Locked=true
PE6.Signal=GPIO_Input
PE7.GPIOParameters=GPIO_Label
PE7.GPIO_Label=MEZ_UART_RX
PE7.Locked=true
PE7.Mode=Asynchronous
PE7.Signal=UART7_RX
PE8.GPIOParameters=GPIO_Label
PE8.GPIO_Label=MEZ_UART_TX
PE8.Locked=true
PE8.Mode=Asynchronous
PE8.Signal=UART7_TX
PE9.GPIOParameters=GPIO_Label
PE9.GPIO_Label=CHAN_DET_1C
PE9.Locked=true
PE9.Signal=GPIO_Input
PF10.GPIOParameters=PinState,GPIO_Label
PF10.GPIO_Label=MCU_LED_2
PF10.Locked=true
PF10.PinState=GPIO_PIN_SET
PF10.Signal=GPIO_Output
PF11.GPIOParameters=GPIO_Label
PF11.GPIO_Label=CHAN_EN_1C
PF11.Locked=true
PF11.Signal=GPIO_Output
PF14.GPIOParameters=GPIO_Label
PF14.GPIO_Label=MEZ_I2C_SCL
PF14.Locked=true
PF14.Mode=I2C
PF14.Signal=I2C4_SCL
PF15.GPIOParameters=GPIO_Label
PF15.GPIO_Label=MEZ_I2C_SDA
PF15.Locked=true
PF15.Mode=I2C
PF15.Signal=I2C4_SDA
PF6.GPIOParameters=PinState,GPIO_Label
PF6.GPIO_Label=MCU_LED_R
PF6.Locked=true
PF6.PinState=GPIO_PIN_SET
PF6.Signal=GPIO_Output
PF7.GPIOParameters=GPIO_Label
PF7.GPIO_Label=ESP_SPI_CLK
PF7.Locked=true
PF7.Mode=Full_Duplex_Master
PF7.Signal=SPI5_SCK
PF8.GPIOParameters=GPIO_Label
PF8.GPIO_Label=ESP_SPI_MISO
PF8.Locked=true
PF8.Mode=Full_Duplex_Master
PF8.Signal=SPI5_MISO
PF9.GPIOParameters=GPIO_Label
PF9.GPIO_Label=ESP_SPI_MOSI
PF9.Locked=true
PF9.Mode=Full_Duplex_Master
PF9.Signal=SPI5_MOSI
PG10.GPIOParameters=GPIO_Label,GPIO_ModeDefaultEXTI
PG10.GPIO_Label=CHAN_IRQ_0A
PG10.GPIO_ModeDefaultEXTI=GPIO_MODE_IT_FALLING
PG10.Locked=true
PG10.Signal=GPXTI10
PG11.GPIOParameters=GPIO_Label
PG11.GPIO_Label=SPI_CLK_A
PG11.Locked=true
PG11.Mode=Full_Duplex_Master
PG11.Signal=SPI1_SCK
PG12.GPIOParameters=GPIO_Label
PG12.GPIO_Label=CHAN_EN_0A
PG12.Locked=true
PG12.Signal=GPIO_Output
PG13.GPIOParameters=GPIO_Speed,PinState,GPIO_Label
PG13.GPIO_Label=SPI_nCS_0A
PG13.GPIO_Speed=GPIO_SPEED_FREQ_VERY_HIGH
PG13.Locked=true
PG13.PinState=GPIO_PIN_SET
PG13.Signal=GPIO_Output
PG14.GPIOParameters=GPIO_Label
PG14.GPIO_Label=DEBUG_EN\#
PG14.Locked=true
PG14.Signal=GPIO_Output
PG6.GPIOParameters=GPIO_Label
PG6.GPIO_Label=CH_CL_PWR_EN
PG6.Locked=true
PG6.Signal=GPIO_Input
PG7.GPIOParameters=GPIO_Speed,PinState,GPIO_Label
PG7.GPIO_Label=CLK_OE_1\#
PG7.GPIO_Speed=GPIO_SPEED_FREQ_LOW
PG7.Locked=true
PG7.PinState=GPIO_PIN_SET
PG7.Signal=GPIO_Output
PG8.GPIOParameters=PinState,GPIO_Label
PG8.GPIO_Label=CLK_OE_0\#
PG8.Locked=true
PG8.PinState=GPIO_PIN_SET
PG8.Signal=GPIO_Output
PG9.GPIOParameters=GPIO_Label
PG9.GPIO_Label=SPI_MISO_A
PG9.Locked=true
PG9.Mode=Full_Duplex_Master
PG9.Signal=SPI1_MISO
PH0-OSC_IN.Locked=true
PH0-OSC_IN.Mode=HSE-External-Oscillator
PH0-OSC_IN.Signal=RCC_OSC_IN
PH1-OSC_OUT.Mode=HSE-External-Oscillator
PH1-OSC_OUT.Signal=RCC_OSC_OUT
PinOutPanel.RotationAngle=0
ProjectManager.AskForMigrate=true
ProjectManager.BackupPrevious=false
ProjectManager.CompilerOptimize=6
ProjectManager.ComputerToolchain=false
ProjectManager.CoupleFile=true
ProjectManager.CustomerFirmwarePackage=
ProjectManager.DefaultFWLocation=true
ProjectManager.DeletePrevious=true
ProjectManager.DeviceId=STM32H735ZGTx
ProjectManager.FirmwarePackage=STM32Cube FW_H7 V1.9.0
ProjectManager.FreePins=false
ProjectManager.HalAssertFull=false
ProjectManager.HeapSize=0x200
ProjectManager.KeepUserCode=true
ProjectManager.LastFirmware=true
ProjectManager.LibraryCopy=2
ProjectManager.MainLocation=Core/Src
ProjectManager.NoMain=true
ProjectManager.PreviousToolchain=
ProjectManager.ProjectBuild=false
ProjectManager.ProjectFileName=smt32h735zg.ioc
ProjectManager.ProjectName=smt32h735zg
ProjectManager.RegisterCallBack=
ProjectManager.StackSize=0x400
ProjectManager.TargetToolchain=Other Toolchains (GPDSC)
ProjectManager.ToolChainLocation=
ProjectManager.UnderRoot=false
ProjectManager.functionlistsort=1-MX_GPIO_Init-GPIO-false-HAL-true,2-MX_DMA_Init-DMA-false-HAL-true,3-SystemClock_Config-RCC-false-HAL-false,4-MX_CRC_Init-CRC-false-HAL-true,5-MX_RNG_Init-RNG-false-HAL-true,6-MX_SPI1_Init-SPI1-false-HAL-true,7-MX_SPI2_Init-SPI2-false-HAL-true,8-MX_SPI3_Init-SPI3-false-HAL-true,9-MX_USART3_UART_Init-USART3-false-HAL-true,10-MX_USB_DEVICE_Init-USB_DEVICE-false-HAL-false,11-MX_SPI4_Init-SPI4-false-HAL-true,12-MX_UART8_Init-UART8-false-HAL-true,13-MX_I2C4_Init-I2C4-false-HAL-true,14-MX_SPI5_Init-SPI5-false-HAL-true,15-MX_UART7_Init-UART7-false-HAL-true,16-MX_ADC2_Init-ADC2-false-HAL-true,17-MX_I2C1_Init-I2C1-false-HAL-true,18-MX_LWIP_Init-LWIP-false-HAL-false,19-MX_TIM13_Init-TIM13-false-HAL-true,0-MX_CORTEX_M7_Init-CORTEX_M7-false-HAL-true
RCC.ADCCLockSelection=RCC_ADCCLKSOURCE_PLL3
RCC.ADCFreq_Value=48000000
RCC.AHB12Freq_Value=127500000
RCC.AHB4Freq_Value=127500000
RCC.APB1Freq_Value=63750000
RCC.APB2Freq_Value=63750000
RCC.APB3Freq_Value=63750000
RCC.APB4Freq_Value=63750000
RCC.AXIClockFreq_Value=127500000
RCC.CECFreq_Value=32000
RCC.CKPERFreq_Value=64000000
RCC.CortexFreq_Value=255000000
RCC.CpuClockFreq_Value=255000000
RCC.D1CPREFreq_Value=255000000
RCC.D1PPRE=RCC_APB3_DIV2
RCC.D2PPRE1=RCC_APB1_DIV2
RCC.D2PPRE2=RCC_APB2_DIV2
RCC.D3PPRE=RCC_APB4_DIV2
RCC.DFSDMACLkFreq_Value=63750000
RCC.DFSDMFreq_Value=63750000
RCC.DIVM1=4
RCC.DIVM2=2
RCC.DIVM3=2
RCC.DIVN1=42
RCC.DIVN2=12
RCC.DIVN3=16
RCC.DIVP1=1
RCC.DIVP1Freq_Value=255000000
RCC.DIVP2Freq_Value=72000000
RCC.DIVP3Freq_Value=96000000
RCC.DIVQ1=4
RCC.DIVQ1Freq_Value=63750000
RCC.DIVQ2Freq_Value=72000000
RCC.DIVQ3=4
RCC.DIVQ3Freq_Value=48000000
RCC.DIVR1Freq_Value=127500000
RCC.DIVR2Freq_Value=72000000
RCC.DIVR3=4
RCC.DIVR3Freq_Value=48000000
RCC.EnbaleCSS=false
RCC.FDCANFreq_Value=63750000
RCC.FMCFreq_Value=127500000
RCC.FamilyName=M
RCC.HCLK3ClockFreq_Value=127500000
RCC.HCLKFreq_Value=127500000
RCC.HPRE=RCC_HCLK_DIV2
RCC.HSE_VALUE=24000000
RCC.I2C123Freq_Value=63750000
RCC.I2C4Freq_Value=63750000
RCC.IPParameters=ADCCLockSelection,ADCFreq_Value,AHB12Freq_Value,AHB4Freq_Value,APB1Freq_Value,APB2Freq_Value,APB3Freq_Value,APB4Freq_Value,AXIClockFreq_Value,CECFreq_Value,CKPERFreq_Value,CortexFreq_Value,CpuClockFreq_Value,D1CPREFreq_Value,D1PPRE,D2PPRE1,D2PPRE2,D3PPRE,DFSDMACLkFreq_Value,DFSDMFreq_Value,DIVM1,DIVM2,DIVM3,DIVN1,DIVN2,DIVN3,DIVP1,DIVP1Freq_Value,DIVP2Freq_Value,DIVP3Freq_Value,DIVQ1,DIVQ1Freq_Value,DIVQ2Freq_Value,DIVQ3,DIVQ3Freq_Value,DIVR1Freq_Value,DIVR2Freq_Value,DIVR3,DIVR3Freq_Value,EnbaleCSS,FDCANFreq_Value,FMCFreq_Value,FamilyName,HCLK3ClockFreq_Value,HCLKFreq_Value,HPRE,HSE_VALUE,I2C123Freq_Value,I2C4Freq_Value,LPTIM1Freq_Value,LPTIM2Freq_Value,LPTIM345Freq_Value,LPUART1Freq_Value,LTDCFreq_Value,MCO1PinFreq_Value,MCO2PinFreq_Value,PLL2FRACN,PLL3FRACN,PLLFRACN,PLLSourceVirtual,QSPICLockSelection,QSPIFreq_Value,RNGFreq_Value,RTCFreq_Value,SAI1Freq_Value,SAI4AFreq_Value,SAI4BFreq_Value,SDMMCFreq_Value,SPDIFRXFreq_Value,SPI123Freq_Value,SPI45Freq_Value,SPI6Freq_Value,SWPMI1Freq_Value,SYSCLKFreq_VALUE,SYSCLKSource,Tim1OutputFreq_Value,Tim2OutputFreq_Value,TraceFreq_Value,USART16Freq_Value,USART234578Freq_Value,USBCLockSelection,USBFreq_Value,VCO1OutputFreq_Value,VCO2OutputFreq_Value,VCO3OutputFreq_Value,VCOInput1Freq_Value,VCOInput2Freq_Value,VCOInput3Freq_Value
RCC.LPTIM1Freq_Value=63750000
RCC.LPTIM2Freq_Value=63750000
RCC.LPTIM345Freq_Value=63750000
RCC.LPUART1Freq_Value=63750000
RCC.LTDCFreq_Value=48000000
RCC.MCO1PinFreq_Value=64000000
RCC.MCO2PinFreq_Value=255000000
RCC.PLL2FRACN=0
RCC.PLL3FRACN=0
RCC.PLLFRACN=4096
RCC.PLLSourceVirtual=RCC_PLLSOURCE_HSE
RCC.QSPICLockSelection=RCC_OSPICLKSOURCE_PLL
RCC.QSPIFreq_Value=63750000
RCC.RNGFreq_Value=48000000
RCC.RTCFreq_Value=32000
RCC.SAI1Freq_Value=63750000
RCC.SAI4AFreq_Value=63750000
RCC.SAI4BFreq_Value=63750000
RCC.SDMMCFreq_Value=63750000
RCC.SPDIFRXFreq_Value=63750000
RCC.SPI123Freq_Value=63750000
RCC.SPI45Freq_Value=63750000
RCC.SPI6Freq_Value=63750000
RCC.SWPMI1Freq_Value=63750000
RCC.SYSCLKFreq_VALUE=255000000
RCC.SYSCLKSource=RCC_SYSCLKSOURCE_PLLCLK
RCC.Tim1OutputFreq_Value=127500000
RCC.Tim2OutputFreq_Value=127500000
RCC.TraceFreq_Value=127500000
RCC.USART16Freq_Value=63750000
RCC.USART234578Freq_Value=63750000
RCC.USBCLockSelection=RCC_USBCLKSOURCE_HSI48
RCC.USBFreq_Value=48000000
RCC.VCO1OutputFreq_Value=255000000
RCC.VCO2OutputFreq_Value=144000000
RCC.VCO3OutputFreq_Value=192000000
RCC.VCOInput1Freq_Value=6000000
RCC.VCOInput2Freq_Value=12000000
RCC.VCOInput3Freq_Value=12000000
SH.ADCx_INN5.0=ADC2_INN5,IN5-Differential
SH.ADCx_INN5.ConfNb=1
SH.ADCx_INP5.0=ADC2_INP5,IN5-Differential
SH.ADCx_INP5.ConfNb=1
SH.GPXTI10.0=GPIO_EXTI10
SH.GPXTI10.ConfNb=1
SH.GPXTI12.0=GPIO_EXTI12
SH.GPXTI12.ConfNb=1
SH.GPXTI13.0=GPIO_EXTI13
SH.GPXTI13.ConfNb=1
SH.GPXTI15.0=GPIO_EXTI15
SH.GPXTI15.ConfNb=1
SH.GPXTI2.0=GPIO_EXTI2
SH.GPXTI2.ConfNb=1
SH.GPXTI3.0=GPIO_EXTI3
SH.GPXTI3.ConfNb=1
SH.GPXTI4.0=GPIO_EXTI4
SH.GPXTI4.ConfNb=1
SH.GPXTI5.0=GPIO_EXTI5
SH.GPXTI5.ConfNb=1
SH.GPXTI6.0=GPIO_EXTI6
SH.GPXTI6.ConfNb=1
SH.GPXTI8.0=GPIO_EXTI8
SH.GPXTI8.ConfNb=1
SPI1.BaudRatePrescaler=SPI_BAUDRATEPRESCALER_32
SPI1.CLKPhase=SPI_PHASE_2EDGE
SPI1.CLKPolarity=SPI_POLARITY_LOW
SPI1.CalculateBaudRate=1.992187 MBits/s
SPI1.DataSize=SPI_DATASIZE_8BIT
SPI1.Direction=SPI_DIRECTION_2LINES
SPI1.IPParameters=VirtualType,Mode,Direction,CalculateBaudRate,DataSize,CLKPolarity,CLKPhase,NSSPMode,BaudRatePrescaler
SPI1.Mode=SPI_MODE_MASTER
SPI1.NSSPMode=SPI_NSS_PULSE_ENABLE
SPI1.VirtualType=VM_MASTER
SPI2.CLKPhase=SPI_PHASE_2EDGE
SPI2.CLKPolarity=SPI_POLARITY_LOW
SPI2.CalculateBaudRate=31.875 MBits/s
SPI2.DataSize=SPI_DATASIZE_8BIT
SPI2.Direction=SPI_DIRECTION_2LINES
SPI2.IPParameters=VirtualType,Mode,Direction,CalculateBaudRate,DataSize,CLKPolarity,CLKPhase
SPI2.Mode=SPI_MODE_MASTER
SPI2.VirtualType=VM_MASTER
SPI3.CLKPhase=SPI_PHASE_2EDGE
SPI3.CLKPolarity=SPI_POLARITY_LOW
SPI3.CalculateBaudRate=31.875 MBits/s
SPI3.DataSize=SPI_DATASIZE_8BIT
SPI3.Direction=SPI_DIRECTION_2LINES
SPI3.IPParameters=VirtualType,Mode,Direction,CalculateBaudRate,DataSize,CLKPolarity,CLKPhase
SPI3.Mode=SPI_MODE_MASTER
SPI3.VirtualType=VM_MASTER
SPI4.CalculateBaudRate=31.875 MBits/s
SPI4.DataSize=SPI_DATASIZE_8BIT
SPI4.Direction=SPI_DIRECTION_2LINES
SPI4.IPParameters=VirtualType,Mode,Direction,CalculateBaudRate,DataSize
SPI4.Mode=SPI_MODE_MASTER
SPI4.VirtualType=VM_MASTER
SPI5.BaudRatePrescaler=SPI_BAUDRATEPRESCALER_16
SPI5.CLKPhase=SPI_PHASE_2EDGE
SPI5.CLKPolarity=SPI_POLARITY_HIGH
SPI5.CalculateBaudRate=3.984375 MBits/s
SPI5.DataSize=SPI_DATASIZE_8BIT
SPI5.Direction=SPI_DIRECTION_2LINES
SPI5.IPParameters=VirtualType,Mode,Direction,CalculateBaudRate,DataSize,CLKPolarity,CLKPhase,BaudRatePrescaler
SPI5.Mode=SPI_MODE_MASTER
SPI5.VirtualType=VM_MASTER
TIM13.IPParameters=Prescaler,Period
TIM13.Period=10000
TIM13.Prescaler=25500
UART8.IPParameters=Mode
UART8.Mode=MODE_TX_RX
USART3.IPParameters=VirtualMode-Asynchronous
USART3.VirtualMode-Asynchronous=VM_ASYNC
USB_DEVICE.CLASS_NAME_HS=CDC
USB_DEVICE.IPParameters=VirtualMode,VirtualModeHS,CLASS_NAME_HS,MANUFACTURER_STRING,PID_CDC_HS,PRODUCT_STRING_CDC_HS
USB_DEVICE.MANUFACTURER_STRING=SwarmUS
USB_DEVICE.PID_CDC_HS=45067
USB_DEVICE.PRODUCT_STRING_CDC_HS=HiveBoard\: HiveMind
USB_DEVICE.VirtualMode=Cdc
USB_DEVICE.VirtualModeHS=Cdc_HS
USB_OTG_HS.IPParameters=VirtualMode-Device_Only_FS,Sof_enable-Device_Only_FS
USB_OTG_HS.Sof_enable-Device_Only_FS=ENABLE
USB_OTG_HS.VirtualMode-Device_Only_FS=Device_Only_FS
VP_CRC_VS_CRC.Mode=CRC_Activate
VP_CRC_VS_CRC.Signal=CRC_VS_CRC
VP_FREERTOS_VS_CMSIS_V2.Mode=CMSIS_V2
VP_FREERTOS_VS_CMSIS_V2.Signal=FREERTOS_VS_CMSIS_V2
VP_LWIP_VS_Enabled.Mode=Enabled
VP_LWIP_VS_Enabled.Signal=LWIP_VS_Enabled
VP_RNG_VS_RNG.Mode=RNG_Activate
VP_RNG_VS_RNG.Signal=RNG_VS_RNG
VP_SYS_VS_tim1.Mode=TIM1
VP_SYS_VS_tim1.Signal=SYS_VS_tim1
VP_TIM13_VS_ClockSourceINT.Mode=Enable_Timer
VP_TIM13_VS_ClockSourceINT.Signal=TIM13_VS_ClockSourceINT
VP_USB_DEVICE_VS_USB_DEVICE_CDC_HS.Mode=CDC_HS
VP_USB_DEVICE_VS_USB_DEVICE_CDC_HS.Signal=USB_DEVICE_VS_USB_DEVICE_CDC_HS
board=custom
